// !$*UTF8*$!
{
	archiveVersion = 1;
	classes = {
	};
	objectVersion = 56;
	objects = {

/* Begin PBXBuildFile section */
		EC0CE6C12BD0FD760073276A /* PostRouter.swift in Sources */ = {isa = PBXBuildFile; fileRef = EC0CE6C02BD0FD760073276A /* PostRouter.swift */; };
		EC0CE6C42BD106CE0073276A /* UploadImageQuery.swift in Sources */ = {isa = PBXBuildFile; fileRef = EC0CE6C32BD106CE0073276A /* UploadImageQuery.swift */; };
		EC0CE6C62BD1075C0073276A /* WriteQuery.swift in Sources */ = {isa = PBXBuildFile; fileRef = EC0CE6C52BD1075C0073276A /* WriteQuery.swift */; };
		EC0CE6C82BD108280073276A /* UpdateQuery.swift in Sources */ = {isa = PBXBuildFile; fileRef = EC0CE6C72BD108280073276A /* UpdateQuery.swift */; };
		EC0CE6CA2BD111540073276A /* HomeViewModel.swift in Sources */ = {isa = PBXBuildFile; fileRef = EC0CE6C92BD111540073276A /* HomeViewModel.swift */; };
		EC0CE6CD2BD112180073276A /* ReadAllModel.swift in Sources */ = {isa = PBXBuildFile; fileRef = EC0CE6CC2BD112180073276A /* ReadAllModel.swift */; };
		EC0CE6D12BD139ED0073276A /* Extension+String.swift in Sources */ = {isa = PBXBuildFile; fileRef = EC0CE6D02BD139ED0073276A /* Extension+String.swift */; };
		EC0CE6D32BD176AB0073276A /* CustomProfileView.swift in Sources */ = {isa = PBXBuildFile; fileRef = EC0CE6D22BD176AB0073276A /* CustomProfileView.swift */; };
		EC0F3F852BD6824E00D864EC /* ProfileView.swift in Sources */ = {isa = PBXBuildFile; fileRef = EC0F3F842BD6824E00D864EC /* ProfileView.swift */; };
		EC0F3F872BD6825700D864EC /* ProfileViewController.swift in Sources */ = {isa = PBXBuildFile; fileRef = EC0F3F862BD6825700D864EC /* ProfileViewController.swift */; };
		EC0F3F8A2BD6832E00D864EC /* ProfileRouter.swift in Sources */ = {isa = PBXBuildFile; fileRef = EC0F3F892BD6832E00D864EC /* ProfileRouter.swift */; };
		EC0F3F8C2BD6855600D864EC /* ProfileUpdateQuery.swift in Sources */ = {isa = PBXBuildFile; fileRef = EC0F3F8B2BD6855600D864EC /* ProfileUpdateQuery.swift */; };
		EC0F3F8E2BD6AFB600D864EC /* CardCollectionViewCell.swift in Sources */ = {isa = PBXBuildFile; fileRef = EC0F3F8D2BD6AFB600D864EC /* CardCollectionViewCell.swift */; };
		EC0F3F902BD6B0F500D864EC /* ProfileViewModel.swift in Sources */ = {isa = PBXBuildFile; fileRef = EC0F3F8F2BD6B0F500D864EC /* ProfileViewModel.swift */; };
		EC0F3F922BD6B27B00D864EC /* ProfileModel.swift in Sources */ = {isa = PBXBuildFile; fileRef = EC0F3F912BD6B27B00D864EC /* ProfileModel.swift */; };
		EC0F3FA82BD7D6A700D864EC /* ProfileEditView.swift in Sources */ = {isa = PBXBuildFile; fileRef = EC0F3FA72BD7D6A700D864EC /* ProfileEditView.swift */; };
		EC0F3FAA2BD7D6B100D864EC /* ProfileEditViewController.swift in Sources */ = {isa = PBXBuildFile; fileRef = EC0F3FA92BD7D6B100D864EC /* ProfileEditViewController.swift */; };
		EC0F3FAC2BD7DA9600D864EC /* ProfileEditViewModel.swift in Sources */ = {isa = PBXBuildFile; fileRef = EC0F3FAB2BD7DA9600D864EC /* ProfileEditViewModel.swift */; };
		EC0F3FAE2BD80C0000D864EC /* Extension+Bool.swift in Sources */ = {isa = PBXBuildFile; fileRef = EC0F3FAD2BD80C0000D864EC /* Extension+Bool.swift */; };
		EC0F3FB22BD819D500D864EC /* UploadImageModel.swift in Sources */ = {isa = PBXBuildFile; fileRef = EC0F3FB12BD819D500D864EC /* UploadImageModel.swift */; };
		EC0F3FC22BDA0B2800D864EC /* FollowRouter.swift in Sources */ = {isa = PBXBuildFile; fileRef = EC0F3FC12BDA0B2800D864EC /* FollowRouter.swift */; };
		EC0F3FC42BDA0C2200D864EC /* FollowModel.swift in Sources */ = {isa = PBXBuildFile; fileRef = EC0F3FC32BDA0C2200D864EC /* FollowModel.swift */; };
		EC0F3FC72BDA6E0500D864EC /* FollowView.swift in Sources */ = {isa = PBXBuildFile; fileRef = EC0F3FC62BDA6E0500D864EC /* FollowView.swift */; };
		EC0F3FC92BDA6E0D00D864EC /* FollowViewController.swift in Sources */ = {isa = PBXBuildFile; fileRef = EC0F3FC82BDA6E0D00D864EC /* FollowViewController.swift */; };
		EC0F3FCB2BDA6EBA00D864EC /* FollowCollectionViewCell.swift in Sources */ = {isa = PBXBuildFile; fileRef = EC0F3FCA2BDA6EBA00D864EC /* FollowCollectionViewCell.swift */; };
		EC0F3FCD2BDA70CE00D864EC /* FollowViewModel.swift in Sources */ = {isa = PBXBuildFile; fileRef = EC0F3FCC2BDA70CE00D864EC /* FollowViewModel.swift */; };
		EC0F3FCF2BDA758200D864EC /* FollowState.swift in Sources */ = {isa = PBXBuildFile; fileRef = EC0F3FCE2BDA758200D864EC /* FollowState.swift */; };
		EC0F3FDB2BDCC49700D864EC /* ProfileState.swift in Sources */ = {isa = PBXBuildFile; fileRef = EC0F3FDA2BDCC49700D864EC /* ProfileState.swift */; };
		EC334F0C2BC90CBB00A97EAB /* AppDelegate.swift in Sources */ = {isa = PBXBuildFile; fileRef = EC334F0B2BC90CBB00A97EAB /* AppDelegate.swift */; };
		EC334F0E2BC90CBB00A97EAB /* SceneDelegate.swift in Sources */ = {isa = PBXBuildFile; fileRef = EC334F0D2BC90CBB00A97EAB /* SceneDelegate.swift */; };
		EC334F152BC90CBC00A97EAB /* Assets.xcassets in Resources */ = {isa = PBXBuildFile; fileRef = EC334F142BC90CBC00A97EAB /* Assets.xcassets */; };
		EC334F182BC90CBC00A97EAB /* Base in Resources */ = {isa = PBXBuildFile; fileRef = EC334F172BC90CBC00A97EAB /* Base */; };
		EC334F202BC90CDB00A97EAB /* .gitignore in Resources */ = {isa = PBXBuildFile; fileRef = EC334F1F2BC90CDB00A97EAB /* .gitignore */; };
		EC334F222BC90E2800A97EAB /* Environment.swift in Sources */ = {isa = PBXBuildFile; fileRef = EC334F212BC90E2800A97EAB /* Environment.swift */; };
		EC334F2D2BCA7E5200A97EAB /* BaseView.swift in Sources */ = {isa = PBXBuildFile; fileRef = EC334F2C2BCA7E5200A97EAB /* BaseView.swift */; };
		EC334F302BCA7E6600A97EAB /* SnapKit in Frameworks */ = {isa = PBXBuildFile; productRef = EC334F2F2BCA7E6500A97EAB /* SnapKit */; };
		EC334F322BCA7EC500A97EAB /* BaseViewController.swift in Sources */ = {isa = PBXBuildFile; fileRef = EC334F312BCA7EC500A97EAB /* BaseViewController.swift */; };
		EC334F352BCA7F0200A97EAB /* RxCocoa in Frameworks */ = {isa = PBXBuildFile; productRef = EC334F342BCA7F0200A97EAB /* RxCocoa */; };
		EC334F372BCA7F0200A97EAB /* RxSwift in Frameworks */ = {isa = PBXBuildFile; productRef = EC334F362BCA7F0200A97EAB /* RxSwift */; };
		EC334F3A2BCA7F3C00A97EAB /* HomeView.swift in Sources */ = {isa = PBXBuildFile; fileRef = EC334F392BCA7F3C00A97EAB /* HomeView.swift */; };
		EC334F3C2BCA7F4400A97EAB /* HomeViewController.swift in Sources */ = {isa = PBXBuildFile; fileRef = EC334F3B2BCA7F4400A97EAB /* HomeViewController.swift */; };
		EC334F3F2BCBA4B000A97EAB /* Extension+UIView.swift in Sources */ = {isa = PBXBuildFile; fileRef = EC334F3E2BCBA4B000A97EAB /* Extension+UIView.swift */; };
		EC334F412BCBA59400A97EAB /* PostCollectionViewCell.swift in Sources */ = {isa = PBXBuildFile; fileRef = EC334F402BCBA59400A97EAB /* PostCollectionViewCell.swift */; };
		EC334F432BCBA5A800A97EAB /* BaseCollectionViewCell.swift in Sources */ = {isa = PBXBuildFile; fileRef = EC334F422BCBA5A800A97EAB /* BaseCollectionViewCell.swift */; };
		EC334F462BCC009A00A97EAB /* ProfileImageView.swift in Sources */ = {isa = PBXBuildFile; fileRef = EC334F452BCC009A00A97EAB /* ProfileImageView.swift */; };
		EC334F742BCD10E600A97EAB /* JoinView.swift in Sources */ = {isa = PBXBuildFile; fileRef = EC334F732BCD10E600A97EAB /* JoinView.swift */; };
		EC334F762BCD110500A97EAB /* JoinViewController.swift in Sources */ = {isa = PBXBuildFile; fileRef = EC334F752BCD110500A97EAB /* JoinViewController.swift */; };
		EC334F782BCD38C300A97EAB /* PrimaryColorButton.swift in Sources */ = {isa = PBXBuildFile; fileRef = EC334F772BCD38C300A97EAB /* PrimaryColorButton.swift */; };
		EC334F7D2BCD3E5B00A97EAB /* Protocols.swift in Sources */ = {isa = PBXBuildFile; fileRef = EC334F7C2BCD3E5B00A97EAB /* Protocols.swift */; };
		EC334F802BCD688E00A97EAB /* LoginView.swift in Sources */ = {isa = PBXBuildFile; fileRef = EC334F7F2BCD688E00A97EAB /* LoginView.swift */; };
		EC334F822BCD69DC00A97EAB /* LoginViewController.swift in Sources */ = {isa = PBXBuildFile; fileRef = EC334F812BCD69DC00A97EAB /* LoginViewController.swift */; };
		EC334F852BCD6C5E00A97EAB /* IQKeyboardManagerSwift in Frameworks */ = {isa = PBXBuildFile; productRef = EC334F842BCD6C5E00A97EAB /* IQKeyboardManagerSwift */; };
		EC334F8B2BCD749200A97EAB /* EmailViewController.swift in Sources */ = {isa = PBXBuildFile; fileRef = EC334F8A2BCD749200A97EAB /* EmailViewController.swift */; };
		EC334F8D2BCD76AD00A97EAB /* EmailView.swift in Sources */ = {isa = PBXBuildFile; fileRef = EC334F8C2BCD76AD00A97EAB /* EmailView.swift */; };
		EC334F8F2BCD776900A97EAB /* CustomTextField.swift in Sources */ = {isa = PBXBuildFile; fileRef = EC334F8E2BCD776900A97EAB /* CustomTextField.swift */; };
		EC334F912BCD788000A97EAB /* PasswordView.swift in Sources */ = {isa = PBXBuildFile; fileRef = EC334F902BCD787F00A97EAB /* PasswordView.swift */; };
		EC334F932BCD788900A97EAB /* PasswordViewController.swift in Sources */ = {isa = PBXBuildFile; fileRef = EC334F922BCD788900A97EAB /* PasswordViewController.swift */; };
		EC334F952BCD78B600A97EAB /* NicknameView.swift in Sources */ = {isa = PBXBuildFile; fileRef = EC334F942BCD78B600A97EAB /* NicknameView.swift */; };
		EC334F972BCD7D8400A97EAB /* NicknameViewController.swift in Sources */ = {isa = PBXBuildFile; fileRef = EC334F962BCD7D8400A97EAB /* NicknameViewController.swift */; };
		EC334F992BCD7F6500A97EAB /* Extension+UIViewController.swift in Sources */ = {isa = PBXBuildFile; fileRef = EC334F982BCD7F6500A97EAB /* Extension+UIViewController.swift */; };
		EC334FB82BCE5AE700A97EAB /* TargetType.swift in Sources */ = {isa = PBXBuildFile; fileRef = EC334FB72BCE5AE700A97EAB /* TargetType.swift */; };
		EC334FBB2BCE5AF900A97EAB /* Alamofire in Frameworks */ = {isa = PBXBuildFile; productRef = EC334FBA2BCE5AF900A97EAB /* Alamofire */; };
		EC334FBE2BCE5D2700A97EAB /* UserRouter.swift in Sources */ = {isa = PBXBuildFile; fileRef = EC334FBD2BCE5D2700A97EAB /* UserRouter.swift */; };
		EC334FC02BCE5F9400A97EAB /* HTTPHeader.swift in Sources */ = {isa = PBXBuildFile; fileRef = EC334FBF2BCE5F9400A97EAB /* HTTPHeader.swift */; };
		EC334FC22BCE628C00A97EAB /* JoinQuery.swift in Sources */ = {isa = PBXBuildFile; fileRef = EC334FC12BCE628C00A97EAB /* JoinQuery.swift */; };
		EC334FC52BCE636E00A97EAB /* Version.swift in Sources */ = {isa = PBXBuildFile; fileRef = EC334FC42BCE636E00A97EAB /* Version.swift */; };
		EC334FC72BCE63D100A97EAB /* EmailValidationQuery.swift in Sources */ = {isa = PBXBuildFile; fileRef = EC334FC62BCE63D100A97EAB /* EmailValidationQuery.swift */; };
		EC334FC92BCE644400A97EAB /* LoginQuery.swift in Sources */ = {isa = PBXBuildFile; fileRef = EC334FC82BCE644400A97EAB /* LoginQuery.swift */; };
		EC334FCB2BCE658C00A97EAB /* NetworkManager.swift in Sources */ = {isa = PBXBuildFile; fileRef = EC334FCA2BCE658C00A97EAB /* NetworkManager.swift */; };
		EC334FD02BCE713E00A97EAB /* JoinModel.swift in Sources */ = {isa = PBXBuildFile; fileRef = EC334FCF2BCE713E00A97EAB /* JoinModel.swift */; };
		EC334FD22BCE8CA900A97EAB /* HTTPError.swift in Sources */ = {isa = PBXBuildFile; fileRef = EC334FD12BCE8CA900A97EAB /* HTTPError.swift */; };
		EC334FD42BCE91B200A97EAB /* LoginViewModel.swift in Sources */ = {isa = PBXBuildFile; fileRef = EC334FD32BCE91B200A97EAB /* LoginViewModel.swift */; };
		EC334FD62BCE93F900A97EAB /* LoginModel.swift in Sources */ = {isa = PBXBuildFile; fileRef = EC334FD52BCE93F900A97EAB /* LoginModel.swift */; };
		EC334FD92BCE957900A97EAB /* UserDefaultsManager.swift in Sources */ = {isa = PBXBuildFile; fileRef = EC334FD82BCE957900A97EAB /* UserDefaultsManager.swift */; };
		EC334FDC2BCE9A2800A97EAB /* Toast in Frameworks */ = {isa = PBXBuildFile; productRef = EC334FDB2BCE9A2800A97EAB /* Toast */; };
		EC7E0F5B2BCFBFB200F15199 /* JoinManager.swift in Sources */ = {isa = PBXBuildFile; fileRef = EC7E0F5A2BCFBFB200F15199 /* JoinManager.swift */; };
		EC7E0F602BCFC32A00F15199 /* EmailViewModel.swift in Sources */ = {isa = PBXBuildFile; fileRef = EC7E0F5F2BCFC32A00F15199 /* EmailViewModel.swift */; };
		EC7E0F622BCFC9C500F15199 /* MessageModel.swift in Sources */ = {isa = PBXBuildFile; fileRef = EC7E0F612BCFC9C500F15199 /* MessageModel.swift */; };
		EC7E0F642BCFEC8400F15199 /* PasswordViewModel.swift in Sources */ = {isa = PBXBuildFile; fileRef = EC7E0F632BCFEC8400F15199 /* PasswordViewModel.swift */; };
		EC7E0F662BCFFD8800F15199 /* NicknameViewModel.swift in Sources */ = {isa = PBXBuildFile; fileRef = EC7E0F652BCFFD8800F15199 /* NicknameViewModel.swift */; };
		ECC824C92BD39DD4006C28F5 /* LikeState.swift in Sources */ = {isa = PBXBuildFile; fileRef = ECC824C82BD39DD4006C28F5 /* LikeState.swift */; };
		ECC824CC2BD3A033006C28F5 /* LikeRouter.swift in Sources */ = {isa = PBXBuildFile; fileRef = ECC824CB2BD3A033006C28F5 /* LikeRouter.swift */; };
		ECC824CE2BD3A221006C28F5 /* LikeQuery.swift in Sources */ = {isa = PBXBuildFile; fileRef = ECC824CD2BD3A221006C28F5 /* LikeQuery.swift */; };
		ECC824D02BD3A305006C28F5 /* LikeModel.swift in Sources */ = {isa = PBXBuildFile; fileRef = ECC824CF2BD3A305006C28F5 /* LikeModel.swift */; };
		ECC824D32BD3C989006C28F5 /* LaunchViewController.swift in Sources */ = {isa = PBXBuildFile; fileRef = ECC824D22BD3C989006C28F5 /* LaunchViewController.swift */; };
		ECC824D52BD3E197006C28F5 /* NetworkInterceptor.swift in Sources */ = {isa = PBXBuildFile; fileRef = ECC824D42BD3E197006C28F5 /* NetworkInterceptor.swift */; };
		ECC824D72BD3E358006C28F5 /* AuthRefreshModel.swift in Sources */ = {isa = PBXBuildFile; fileRef = ECC824D62BD3E358006C28F5 /* AuthRefreshModel.swift */; };
		ECC824DA2BD3EC8E006C28F5 /* Kingfisher in Frameworks */ = {isa = PBXBuildFile; productRef = ECC824D92BD3EC8E006C28F5 /* Kingfisher */; };
		ECC824E12BD409F5006C28F5 /* WriteViewController.swift in Sources */ = {isa = PBXBuildFile; fileRef = ECC824E02BD409F5006C28F5 /* WriteViewController.swift */; };
		ECC824E32BD409FE006C28F5 /* WriteView.swift in Sources */ = {isa = PBXBuildFile; fileRef = ECC824E22BD409FE006C28F5 /* WriteView.swift */; };
		ECC824E52BD41EB0006C28F5 /* TabViewController.swift in Sources */ = {isa = PBXBuildFile; fileRef = ECC824E42BD41EB0006C28F5 /* TabViewController.swift */; };
		ECC824E82BD4258A006C28F5 /* CategoryView.swift in Sources */ = {isa = PBXBuildFile; fileRef = ECC824E72BD4258A006C28F5 /* CategoryView.swift */; };
		ECC824EA2BD425A7006C28F5 /* CategoryViewController.swift in Sources */ = {isa = PBXBuildFile; fileRef = ECC824E92BD425A7006C28F5 /* CategoryViewController.swift */; };
		ECC824EC2BD428A6006C28F5 /* CategoryViewModel.swift in Sources */ = {isa = PBXBuildFile; fileRef = ECC824EB2BD428A6006C28F5 /* CategoryViewModel.swift */; };
		ECC824EE2BD42C15006C28F5 /* WriteManager.swift in Sources */ = {isa = PBXBuildFile; fileRef = ECC824ED2BD42C15006C28F5 /* WriteManager.swift */; };
		ECC824F42BD42FBD006C28F5 /* ContentsView.swift in Sources */ = {isa = PBXBuildFile; fileRef = ECC824F32BD42FBD006C28F5 /* ContentsView.swift */; };
		ECC824F62BD42FD5006C28F5 /* ContentsViewController.swift in Sources */ = {isa = PBXBuildFile; fileRef = ECC824F52BD42FD5006C28F5 /* ContentsViewController.swift */; };
		ECC824F82BD43799006C28F5 /* ContentsViewModel.swift in Sources */ = {isa = PBXBuildFile; fileRef = ECC824F72BD43799006C28F5 /* ContentsViewModel.swift */; };
		ECC824FB2BD43C60006C28F5 /* SelectView.swift in Sources */ = {isa = PBXBuildFile; fileRef = ECC824FA2BD43C60006C28F5 /* SelectView.swift */; };
		ECC824FD2BD43C69006C28F5 /* SelectViewController.swift in Sources */ = {isa = PBXBuildFile; fileRef = ECC824FC2BD43C69006C28F5 /* SelectViewController.swift */; };
		ECC824FF2BD4DFB1006C28F5 /* SelectViewModel.swift in Sources */ = {isa = PBXBuildFile; fileRef = ECC824FE2BD4DFB1006C28F5 /* SelectViewModel.swift */; };
		ECC825032BD4F827006C28F5 /* CategoryCollectionViewCell.swift in Sources */ = {isa = PBXBuildFile; fileRef = ECC825022BD4F827006C28F5 /* CategoryCollectionViewCell.swift */; };
		ECC825062BD534E7006C28F5 /* CommentsView.swift in Sources */ = {isa = PBXBuildFile; fileRef = ECC825052BD534E7006C28F5 /* CommentsView.swift */; };
		ECC825082BD534F0006C28F5 /* CommentsViewController.swift in Sources */ = {isa = PBXBuildFile; fileRef = ECC825072BD534F0006C28F5 /* CommentsViewController.swift */; };
		ECC8250D2BD53B85006C28F5 /* CreatorCollectionViewCell.swift in Sources */ = {isa = PBXBuildFile; fileRef = ECC8250C2BD53B85006C28F5 /* CreatorCollectionViewCell.swift */; };
		ECC8250F2BD54B1A006C28F5 /* CommentsViewModel.swift in Sources */ = {isa = PBXBuildFile; fileRef = ECC8250E2BD54B1A006C28F5 /* CommentsViewModel.swift */; };
		ECC825122BD5797A006C28F5 /* CommentsRouter.swift in Sources */ = {isa = PBXBuildFile; fileRef = ECC825112BD5797A006C28F5 /* CommentsRouter.swift */; };
		ECC825142BD57AC5006C28F5 /* CommentsWriteQuery.swift in Sources */ = {isa = PBXBuildFile; fileRef = ECC825132BD57AC5006C28F5 /* CommentsWriteQuery.swift */; };
/* End PBXBuildFile section */

/* Begin PBXFileReference section */
		EC0CE6C02BD0FD760073276A /* PostRouter.swift */ = {isa = PBXFileReference; lastKnownFileType = sourcecode.swift; path = PostRouter.swift; sourceTree = "<group>"; };
		EC0CE6C32BD106CE0073276A /* UploadImageQuery.swift */ = {isa = PBXFileReference; lastKnownFileType = sourcecode.swift; path = UploadImageQuery.swift; sourceTree = "<group>"; };
		EC0CE6C52BD1075C0073276A /* WriteQuery.swift */ = {isa = PBXFileReference; lastKnownFileType = sourcecode.swift; path = WriteQuery.swift; sourceTree = "<group>"; };
		EC0CE6C72BD108280073276A /* UpdateQuery.swift */ = {isa = PBXFileReference; lastKnownFileType = sourcecode.swift; path = UpdateQuery.swift; sourceTree = "<group>"; };
		EC0CE6C92BD111540073276A /* HomeViewModel.swift */ = {isa = PBXFileReference; lastKnownFileType = sourcecode.swift; path = HomeViewModel.swift; sourceTree = "<group>"; };
		EC0CE6CC2BD112180073276A /* ReadAllModel.swift */ = {isa = PBXFileReference; lastKnownFileType = sourcecode.swift; path = ReadAllModel.swift; sourceTree = "<group>"; };
		EC0CE6D02BD139ED0073276A /* Extension+String.swift */ = {isa = PBXFileReference; lastKnownFileType = sourcecode.swift; path = "Extension+String.swift"; sourceTree = "<group>"; };
		EC0CE6D22BD176AB0073276A /* CustomProfileView.swift */ = {isa = PBXFileReference; lastKnownFileType = sourcecode.swift; path = CustomProfileView.swift; sourceTree = "<group>"; };
		EC0F3F842BD6824E00D864EC /* ProfileView.swift */ = {isa = PBXFileReference; lastKnownFileType = sourcecode.swift; path = ProfileView.swift; sourceTree = "<group>"; };
		EC0F3F862BD6825700D864EC /* ProfileViewController.swift */ = {isa = PBXFileReference; lastKnownFileType = sourcecode.swift; path = ProfileViewController.swift; sourceTree = "<group>"; };
		EC0F3F892BD6832E00D864EC /* ProfileRouter.swift */ = {isa = PBXFileReference; lastKnownFileType = sourcecode.swift; path = ProfileRouter.swift; sourceTree = "<group>"; };
		EC0F3F8B2BD6855600D864EC /* ProfileUpdateQuery.swift */ = {isa = PBXFileReference; lastKnownFileType = sourcecode.swift; path = ProfileUpdateQuery.swift; sourceTree = "<group>"; };
		EC0F3F8D2BD6AFB600D864EC /* CardCollectionViewCell.swift */ = {isa = PBXFileReference; lastKnownFileType = sourcecode.swift; path = CardCollectionViewCell.swift; sourceTree = "<group>"; };
		EC0F3F8F2BD6B0F500D864EC /* ProfileViewModel.swift */ = {isa = PBXFileReference; lastKnownFileType = sourcecode.swift; path = ProfileViewModel.swift; sourceTree = "<group>"; };
		EC0F3F912BD6B27B00D864EC /* ProfileModel.swift */ = {isa = PBXFileReference; lastKnownFileType = sourcecode.swift; path = ProfileModel.swift; sourceTree = "<group>"; };
		EC0F3FA72BD7D6A700D864EC /* ProfileEditView.swift */ = {isa = PBXFileReference; lastKnownFileType = sourcecode.swift; path = ProfileEditView.swift; sourceTree = "<group>"; };
		EC0F3FA92BD7D6B100D864EC /* ProfileEditViewController.swift */ = {isa = PBXFileReference; lastKnownFileType = sourcecode.swift; path = ProfileEditViewController.swift; sourceTree = "<group>"; };
		EC0F3FAB2BD7DA9600D864EC /* ProfileEditViewModel.swift */ = {isa = PBXFileReference; lastKnownFileType = sourcecode.swift; path = ProfileEditViewModel.swift; sourceTree = "<group>"; };
		EC0F3FAD2BD80C0000D864EC /* Extension+Bool.swift */ = {isa = PBXFileReference; lastKnownFileType = sourcecode.swift; path = "Extension+Bool.swift"; sourceTree = "<group>"; };
		EC0F3FB12BD819D500D864EC /* UploadImageModel.swift */ = {isa = PBXFileReference; lastKnownFileType = sourcecode.swift; path = UploadImageModel.swift; sourceTree = "<group>"; };
		EC0F3FC12BDA0B2800D864EC /* FollowRouter.swift */ = {isa = PBXFileReference; lastKnownFileType = sourcecode.swift; path = FollowRouter.swift; sourceTree = "<group>"; };
		EC0F3FC32BDA0C2200D864EC /* FollowModel.swift */ = {isa = PBXFileReference; lastKnownFileType = sourcecode.swift; path = FollowModel.swift; sourceTree = "<group>"; };
		EC0F3FC62BDA6E0500D864EC /* FollowView.swift */ = {isa = PBXFileReference; lastKnownFileType = sourcecode.swift; path = FollowView.swift; sourceTree = "<group>"; };
		EC0F3FC82BDA6E0D00D864EC /* FollowViewController.swift */ = {isa = PBXFileReference; lastKnownFileType = sourcecode.swift; path = FollowViewController.swift; sourceTree = "<group>"; };
		EC0F3FCA2BDA6EBA00D864EC /* FollowCollectionViewCell.swift */ = {isa = PBXFileReference; lastKnownFileType = sourcecode.swift; path = FollowCollectionViewCell.swift; sourceTree = "<group>"; };
		EC0F3FCC2BDA70CE00D864EC /* FollowViewModel.swift */ = {isa = PBXFileReference; lastKnownFileType = sourcecode.swift; path = FollowViewModel.swift; sourceTree = "<group>"; };
		EC0F3FCE2BDA758200D864EC /* FollowState.swift */ = {isa = PBXFileReference; lastKnownFileType = sourcecode.swift; path = FollowState.swift; sourceTree = "<group>"; };
		EC0F3FDA2BDCC49700D864EC /* ProfileState.swift */ = {isa = PBXFileReference; lastKnownFileType = sourcecode.swift; path = ProfileState.swift; sourceTree = "<group>"; };
		EC334F082BC90CBB00A97EAB /* Uyubudan.app */ = {isa = PBXFileReference; explicitFileType = wrapper.application; includeInIndex = 0; path = Uyubudan.app; sourceTree = BUILT_PRODUCTS_DIR; };
		EC334F0B2BC90CBB00A97EAB /* AppDelegate.swift */ = {isa = PBXFileReference; lastKnownFileType = sourcecode.swift; path = AppDelegate.swift; sourceTree = "<group>"; };
		EC334F0D2BC90CBB00A97EAB /* SceneDelegate.swift */ = {isa = PBXFileReference; lastKnownFileType = sourcecode.swift; path = SceneDelegate.swift; sourceTree = "<group>"; };
		EC334F142BC90CBC00A97EAB /* Assets.xcassets */ = {isa = PBXFileReference; lastKnownFileType = folder.assetcatalog; path = Assets.xcassets; sourceTree = "<group>"; };
		EC334F172BC90CBC00A97EAB /* Base */ = {isa = PBXFileReference; lastKnownFileType = file.storyboard; name = Base; path = Base.lproj/LaunchScreen.storyboard; sourceTree = "<group>"; };
		EC334F192BC90CBC00A97EAB /* Info.plist */ = {isa = PBXFileReference; lastKnownFileType = text.plist.xml; path = Info.plist; sourceTree = "<group>"; };
		EC334F1F2BC90CDB00A97EAB /* .gitignore */ = {isa = PBXFileReference; lastKnownFileType = text; path = .gitignore; sourceTree = "<group>"; };
		EC334F212BC90E2800A97EAB /* Environment.swift */ = {isa = PBXFileReference; lastKnownFileType = sourcecode.swift; path = Environment.swift; sourceTree = "<group>"; };
		EC334F2C2BCA7E5200A97EAB /* BaseView.swift */ = {isa = PBXFileReference; lastKnownFileType = sourcecode.swift; path = BaseView.swift; sourceTree = "<group>"; };
		EC334F312BCA7EC500A97EAB /* BaseViewController.swift */ = {isa = PBXFileReference; lastKnownFileType = sourcecode.swift; path = BaseViewController.swift; sourceTree = "<group>"; };
		EC334F392BCA7F3C00A97EAB /* HomeView.swift */ = {isa = PBXFileReference; lastKnownFileType = sourcecode.swift; path = HomeView.swift; sourceTree = "<group>"; };
		EC334F3B2BCA7F4400A97EAB /* HomeViewController.swift */ = {isa = PBXFileReference; lastKnownFileType = sourcecode.swift; path = HomeViewController.swift; sourceTree = "<group>"; };
		EC334F3E2BCBA4B000A97EAB /* Extension+UIView.swift */ = {isa = PBXFileReference; lastKnownFileType = sourcecode.swift; path = "Extension+UIView.swift"; sourceTree = "<group>"; };
		EC334F402BCBA59400A97EAB /* PostCollectionViewCell.swift */ = {isa = PBXFileReference; lastKnownFileType = sourcecode.swift; path = PostCollectionViewCell.swift; sourceTree = "<group>"; };
		EC334F422BCBA5A800A97EAB /* BaseCollectionViewCell.swift */ = {isa = PBXFileReference; lastKnownFileType = sourcecode.swift; path = BaseCollectionViewCell.swift; sourceTree = "<group>"; };
		EC334F452BCC009A00A97EAB /* ProfileImageView.swift */ = {isa = PBXFileReference; lastKnownFileType = sourcecode.swift; path = ProfileImageView.swift; sourceTree = "<group>"; };
		EC334F732BCD10E600A97EAB /* JoinView.swift */ = {isa = PBXFileReference; lastKnownFileType = sourcecode.swift; name = JoinView.swift; path = Uyubudan/Onboarding/JoinView.swift; sourceTree = SOURCE_ROOT; };
		EC334F752BCD110500A97EAB /* JoinViewController.swift */ = {isa = PBXFileReference; lastKnownFileType = sourcecode.swift; path = JoinViewController.swift; sourceTree = "<group>"; };
		EC334F772BCD38C300A97EAB /* PrimaryColorButton.swift */ = {isa = PBXFileReference; lastKnownFileType = sourcecode.swift; path = PrimaryColorButton.swift; sourceTree = "<group>"; };
		EC334F7C2BCD3E5B00A97EAB /* Protocols.swift */ = {isa = PBXFileReference; lastKnownFileType = sourcecode.swift; path = Protocols.swift; sourceTree = "<group>"; };
		EC334F7F2BCD688E00A97EAB /* LoginView.swift */ = {isa = PBXFileReference; lastKnownFileType = sourcecode.swift; path = LoginView.swift; sourceTree = "<group>"; };
		EC334F812BCD69DC00A97EAB /* LoginViewController.swift */ = {isa = PBXFileReference; lastKnownFileType = sourcecode.swift; path = LoginViewController.swift; sourceTree = "<group>"; };
		EC334F8A2BCD749200A97EAB /* EmailViewController.swift */ = {isa = PBXFileReference; lastKnownFileType = sourcecode.swift; path = EmailViewController.swift; sourceTree = "<group>"; };
		EC334F8C2BCD76AD00A97EAB /* EmailView.swift */ = {isa = PBXFileReference; lastKnownFileType = sourcecode.swift; path = EmailView.swift; sourceTree = "<group>"; };
		EC334F8E2BCD776900A97EAB /* CustomTextField.swift */ = {isa = PBXFileReference; lastKnownFileType = sourcecode.swift; path = CustomTextField.swift; sourceTree = "<group>"; };
		EC334F902BCD787F00A97EAB /* PasswordView.swift */ = {isa = PBXFileReference; lastKnownFileType = sourcecode.swift; path = PasswordView.swift; sourceTree = "<group>"; };
		EC334F922BCD788900A97EAB /* PasswordViewController.swift */ = {isa = PBXFileReference; lastKnownFileType = sourcecode.swift; path = PasswordViewController.swift; sourceTree = "<group>"; };
		EC334F942BCD78B600A97EAB /* NicknameView.swift */ = {isa = PBXFileReference; lastKnownFileType = sourcecode.swift; path = NicknameView.swift; sourceTree = "<group>"; };
		EC334F962BCD7D8400A97EAB /* NicknameViewController.swift */ = {isa = PBXFileReference; lastKnownFileType = sourcecode.swift; path = NicknameViewController.swift; sourceTree = "<group>"; };
		EC334F982BCD7F6500A97EAB /* Extension+UIViewController.swift */ = {isa = PBXFileReference; lastKnownFileType = sourcecode.swift; path = "Extension+UIViewController.swift"; sourceTree = "<group>"; };
		EC334FB72BCE5AE700A97EAB /* TargetType.swift */ = {isa = PBXFileReference; lastKnownFileType = sourcecode.swift; path = TargetType.swift; sourceTree = "<group>"; };
		EC334FBD2BCE5D2700A97EAB /* UserRouter.swift */ = {isa = PBXFileReference; lastKnownFileType = sourcecode.swift; path = UserRouter.swift; sourceTree = "<group>"; };
		EC334FBF2BCE5F9400A97EAB /* HTTPHeader.swift */ = {isa = PBXFileReference; lastKnownFileType = sourcecode.swift; path = HTTPHeader.swift; sourceTree = "<group>"; };
		EC334FC12BCE628C00A97EAB /* JoinQuery.swift */ = {isa = PBXFileReference; lastKnownFileType = sourcecode.swift; path = JoinQuery.swift; sourceTree = "<group>"; };
		EC334FC42BCE636E00A97EAB /* Version.swift */ = {isa = PBXFileReference; lastKnownFileType = sourcecode.swift; path = Version.swift; sourceTree = "<group>"; };
		EC334FC62BCE63D100A97EAB /* EmailValidationQuery.swift */ = {isa = PBXFileReference; lastKnownFileType = sourcecode.swift; path = EmailValidationQuery.swift; sourceTree = "<group>"; };
		EC334FC82BCE644400A97EAB /* LoginQuery.swift */ = {isa = PBXFileReference; lastKnownFileType = sourcecode.swift; path = LoginQuery.swift; sourceTree = "<group>"; };
		EC334FCA2BCE658C00A97EAB /* NetworkManager.swift */ = {isa = PBXFileReference; lastKnownFileType = sourcecode.swift; path = NetworkManager.swift; sourceTree = "<group>"; };
		EC334FCF2BCE713E00A97EAB /* JoinModel.swift */ = {isa = PBXFileReference; lastKnownFileType = sourcecode.swift; path = JoinModel.swift; sourceTree = "<group>"; };
		EC334FD12BCE8CA900A97EAB /* HTTPError.swift */ = {isa = PBXFileReference; lastKnownFileType = sourcecode.swift; path = HTTPError.swift; sourceTree = "<group>"; };
		EC334FD32BCE91B200A97EAB /* LoginViewModel.swift */ = {isa = PBXFileReference; lastKnownFileType = sourcecode.swift; path = LoginViewModel.swift; sourceTree = "<group>"; };
		EC334FD52BCE93F900A97EAB /* LoginModel.swift */ = {isa = PBXFileReference; lastKnownFileType = sourcecode.swift; path = LoginModel.swift; sourceTree = "<group>"; };
		EC334FD82BCE957900A97EAB /* UserDefaultsManager.swift */ = {isa = PBXFileReference; lastKnownFileType = sourcecode.swift; path = UserDefaultsManager.swift; sourceTree = "<group>"; };
		EC7E0F5A2BCFBFB200F15199 /* JoinManager.swift */ = {isa = PBXFileReference; lastKnownFileType = sourcecode.swift; path = JoinManager.swift; sourceTree = "<group>"; };
		EC7E0F5F2BCFC32A00F15199 /* EmailViewModel.swift */ = {isa = PBXFileReference; lastKnownFileType = sourcecode.swift; path = EmailViewModel.swift; sourceTree = "<group>"; };
		EC7E0F612BCFC9C500F15199 /* MessageModel.swift */ = {isa = PBXFileReference; lastKnownFileType = sourcecode.swift; path = MessageModel.swift; sourceTree = "<group>"; };
		EC7E0F632BCFEC8400F15199 /* PasswordViewModel.swift */ = {isa = PBXFileReference; lastKnownFileType = sourcecode.swift; path = PasswordViewModel.swift; sourceTree = "<group>"; };
		EC7E0F652BCFFD8800F15199 /* NicknameViewModel.swift */ = {isa = PBXFileReference; lastKnownFileType = sourcecode.swift; path = NicknameViewModel.swift; sourceTree = "<group>"; };
		ECC824C82BD39DD4006C28F5 /* LikeState.swift */ = {isa = PBXFileReference; lastKnownFileType = sourcecode.swift; path = LikeState.swift; sourceTree = "<group>"; };
		ECC824CB2BD3A033006C28F5 /* LikeRouter.swift */ = {isa = PBXFileReference; lastKnownFileType = sourcecode.swift; path = LikeRouter.swift; sourceTree = "<group>"; };
		ECC824CD2BD3A221006C28F5 /* LikeQuery.swift */ = {isa = PBXFileReference; lastKnownFileType = sourcecode.swift; path = LikeQuery.swift; sourceTree = "<group>"; };
		ECC824CF2BD3A305006C28F5 /* LikeModel.swift */ = {isa = PBXFileReference; lastKnownFileType = sourcecode.swift; path = LikeModel.swift; sourceTree = "<group>"; };
		ECC824D22BD3C989006C28F5 /* LaunchViewController.swift */ = {isa = PBXFileReference; lastKnownFileType = sourcecode.swift; path = LaunchViewController.swift; sourceTree = "<group>"; };
		ECC824D42BD3E197006C28F5 /* NetworkInterceptor.swift */ = {isa = PBXFileReference; lastKnownFileType = sourcecode.swift; path = NetworkInterceptor.swift; sourceTree = "<group>"; };
		ECC824D62BD3E358006C28F5 /* AuthRefreshModel.swift */ = {isa = PBXFileReference; lastKnownFileType = sourcecode.swift; path = AuthRefreshModel.swift; sourceTree = "<group>"; };
		ECC824E02BD409F5006C28F5 /* WriteViewController.swift */ = {isa = PBXFileReference; lastKnownFileType = sourcecode.swift; path = WriteViewController.swift; sourceTree = "<group>"; };
		ECC824E22BD409FE006C28F5 /* WriteView.swift */ = {isa = PBXFileReference; lastKnownFileType = sourcecode.swift; path = WriteView.swift; sourceTree = "<group>"; };
		ECC824E42BD41EB0006C28F5 /* TabViewController.swift */ = {isa = PBXFileReference; lastKnownFileType = sourcecode.swift; path = TabViewController.swift; sourceTree = "<group>"; };
		ECC824E72BD4258A006C28F5 /* CategoryView.swift */ = {isa = PBXFileReference; lastKnownFileType = sourcecode.swift; path = CategoryView.swift; sourceTree = "<group>"; };
		ECC824E92BD425A7006C28F5 /* CategoryViewController.swift */ = {isa = PBXFileReference; lastKnownFileType = sourcecode.swift; path = CategoryViewController.swift; sourceTree = "<group>"; };
		ECC824EB2BD428A6006C28F5 /* CategoryViewModel.swift */ = {isa = PBXFileReference; lastKnownFileType = sourcecode.swift; path = CategoryViewModel.swift; sourceTree = "<group>"; };
		ECC824ED2BD42C15006C28F5 /* WriteManager.swift */ = {isa = PBXFileReference; lastKnownFileType = sourcecode.swift; path = WriteManager.swift; sourceTree = "<group>"; };
		ECC824F32BD42FBD006C28F5 /* ContentsView.swift */ = {isa = PBXFileReference; lastKnownFileType = sourcecode.swift; path = ContentsView.swift; sourceTree = "<group>"; };
		ECC824F52BD42FD5006C28F5 /* ContentsViewController.swift */ = {isa = PBXFileReference; lastKnownFileType = sourcecode.swift; path = ContentsViewController.swift; sourceTree = "<group>"; };
		ECC824F72BD43799006C28F5 /* ContentsViewModel.swift */ = {isa = PBXFileReference; lastKnownFileType = sourcecode.swift; path = ContentsViewModel.swift; sourceTree = "<group>"; };
		ECC824FA2BD43C60006C28F5 /* SelectView.swift */ = {isa = PBXFileReference; lastKnownFileType = sourcecode.swift; path = SelectView.swift; sourceTree = "<group>"; };
		ECC824FC2BD43C69006C28F5 /* SelectViewController.swift */ = {isa = PBXFileReference; lastKnownFileType = sourcecode.swift; path = SelectViewController.swift; sourceTree = "<group>"; };
		ECC824FE2BD4DFB1006C28F5 /* SelectViewModel.swift */ = {isa = PBXFileReference; lastKnownFileType = sourcecode.swift; path = SelectViewModel.swift; sourceTree = "<group>"; };
		ECC825022BD4F827006C28F5 /* CategoryCollectionViewCell.swift */ = {isa = PBXFileReference; lastKnownFileType = sourcecode.swift; path = CategoryCollectionViewCell.swift; sourceTree = "<group>"; };
		ECC825052BD534E7006C28F5 /* CommentsView.swift */ = {isa = PBXFileReference; lastKnownFileType = sourcecode.swift; path = CommentsView.swift; sourceTree = "<group>"; };
		ECC825072BD534F0006C28F5 /* CommentsViewController.swift */ = {isa = PBXFileReference; lastKnownFileType = sourcecode.swift; path = CommentsViewController.swift; sourceTree = "<group>"; };
		ECC8250C2BD53B85006C28F5 /* CreatorCollectionViewCell.swift */ = {isa = PBXFileReference; lastKnownFileType = sourcecode.swift; path = CreatorCollectionViewCell.swift; sourceTree = "<group>"; };
		ECC8250E2BD54B1A006C28F5 /* CommentsViewModel.swift */ = {isa = PBXFileReference; lastKnownFileType = sourcecode.swift; path = CommentsViewModel.swift; sourceTree = "<group>"; };
		ECC825112BD5797A006C28F5 /* CommentsRouter.swift */ = {isa = PBXFileReference; lastKnownFileType = sourcecode.swift; path = CommentsRouter.swift; sourceTree = "<group>"; };
		ECC825132BD57AC5006C28F5 /* CommentsWriteQuery.swift */ = {isa = PBXFileReference; lastKnownFileType = sourcecode.swift; path = CommentsWriteQuery.swift; sourceTree = "<group>"; };
/* End PBXFileReference section */

/* Begin PBXFrameworksBuildPhase section */
		EC334F052BC90CBB00A97EAB /* Frameworks */ = {
			isa = PBXFrameworksBuildPhase;
			buildActionMask = 2147483647;
			files = (
				EC334FDC2BCE9A2800A97EAB /* Toast in Frameworks */,
				EC334FBB2BCE5AF900A97EAB /* Alamofire in Frameworks */,
				ECC824DA2BD3EC8E006C28F5 /* Kingfisher in Frameworks */,
				EC334F372BCA7F0200A97EAB /* RxSwift in Frameworks */,
				EC334F852BCD6C5E00A97EAB /* IQKeyboardManagerSwift in Frameworks */,
				EC334F352BCA7F0200A97EAB /* RxCocoa in Frameworks */,
				EC334F302BCA7E6600A97EAB /* SnapKit in Frameworks */,
			);
			runOnlyForDeploymentPostprocessing = 0;
		};
/* End PBXFrameworksBuildPhase section */

/* Begin PBXGroup section */
		EC0CE6BF2BD0FD570073276A /* Post */ = {
			isa = PBXGroup;
			children = (
				EC0CE6C02BD0FD760073276A /* PostRouter.swift */,
				EC0CE6C22BD106BB0073276A /* Query */,
				EC0CE6CB2BD111BF0073276A /* Model */,
			);
			path = Post;
			sourceTree = "<group>";
		};
		EC0CE6C22BD106BB0073276A /* Query */ = {
			isa = PBXGroup;
			children = (
				EC0CE6C32BD106CE0073276A /* UploadImageQuery.swift */,
				EC0CE6C52BD1075C0073276A /* WriteQuery.swift */,
				EC0CE6C72BD108280073276A /* UpdateQuery.swift */,
			);
			path = Query;
			sourceTree = "<group>";
		};
		EC0CE6CB2BD111BF0073276A /* Model */ = {
			isa = PBXGroup;
			children = (
				EC0CE6CC2BD112180073276A /* ReadAllModel.swift */,
				EC0F3FB12BD819D500D864EC /* UploadImageModel.swift */,
			);
			path = Model;
			sourceTree = "<group>";
		};
		EC0F3F832BD6823C00D864EC /* Profile */ = {
			isa = PBXGroup;
			children = (
				EC0F3FDA2BDCC49700D864EC /* ProfileState.swift */,
				EC0F3F842BD6824E00D864EC /* ProfileView.swift */,
				EC0F3F862BD6825700D864EC /* ProfileViewController.swift */,
				EC0F3F8F2BD6B0F500D864EC /* ProfileViewModel.swift */,
				EC0F3F8D2BD6AFB600D864EC /* CardCollectionViewCell.swift */,
			);
			path = Profile;
			sourceTree = "<group>";
		};
		EC0F3F882BD6831800D864EC /* Profile */ = {
			isa = PBXGroup;
			children = (
				EC0F3F892BD6832E00D864EC /* ProfileRouter.swift */,
				EC0F3FB32BD8DD1100D864EC /* Query */,
				EC0F3FB42BD8DD1800D864EC /* Model */,
			);
			path = Profile;
			sourceTree = "<group>";
		};
		EC0F3FA62BD7D69200D864EC /* ProfileEdit */ = {
			isa = PBXGroup;
			children = (
				EC0F3FA72BD7D6A700D864EC /* ProfileEditView.swift */,
				EC0F3FA92BD7D6B100D864EC /* ProfileEditViewController.swift */,
				EC0F3FAB2BD7DA9600D864EC /* ProfileEditViewModel.swift */,
			);
			path = ProfileEdit;
			sourceTree = "<group>";
		};
		EC0F3FB32BD8DD1100D864EC /* Query */ = {
			isa = PBXGroup;
			children = (
				EC0F3F8B2BD6855600D864EC /* ProfileUpdateQuery.swift */,
			);
			path = Query;
			sourceTree = "<group>";
		};
		EC0F3FB42BD8DD1800D864EC /* Model */ = {
			isa = PBXGroup;
			children = (
				EC0F3F912BD6B27B00D864EC /* ProfileModel.swift */,
			);
			path = Model;
			sourceTree = "<group>";
		};
		EC0F3FC02BDA0B1500D864EC /* Follow */ = {
			isa = PBXGroup;
			children = (
				EC0F3FC12BDA0B2800D864EC /* FollowRouter.swift */,
				EC0F3FC32BDA0C2200D864EC /* FollowModel.swift */,
			);
			path = Follow;
			sourceTree = "<group>";
		};
		EC0F3FC52BDA6DF300D864EC /* Follow */ = {
			isa = PBXGroup;
			children = (
				EC0F3FCE2BDA758200D864EC /* FollowState.swift */,
				EC0F3FC62BDA6E0500D864EC /* FollowView.swift */,
				EC0F3FC82BDA6E0D00D864EC /* FollowViewController.swift */,
				EC0F3FCC2BDA70CE00D864EC /* FollowViewModel.swift */,
				EC0F3FCA2BDA6EBA00D864EC /* FollowCollectionViewCell.swift */,
			);
			path = Follow;
			sourceTree = "<group>";
		};
		EC334EFF2BC90CBB00A97EAB = {
			isa = PBXGroup;
			children = (
				EC334F1F2BC90CDB00A97EAB /* .gitignore */,
				EC334F0A2BC90CBB00A97EAB /* Uyubudan */,
				EC334F092BC90CBB00A97EAB /* Products */,
			);
			sourceTree = "<group>";
		};
		EC334F092BC90CBB00A97EAB /* Products */ = {
			isa = PBXGroup;
			children = (
				EC334F082BC90CBB00A97EAB /* Uyubudan.app */,
			);
			name = Products;
			sourceTree = "<group>";
		};
		EC334F0A2BC90CBB00A97EAB /* Uyubudan */ = {
			isa = PBXGroup;
			children = (
				EC334F212BC90E2800A97EAB /* Environment.swift */,
				EC334F7B2BCD3E4900A97EAB /* Protocols */,
				EC334F3D2BCBA4A100A97EAB /* Extensions */,
				EC334FB62BCE5A2B00A97EAB /* Network */,
				EC7E0F5E2BCFBFCB00F15199 /* Manager */,
				EC334F2B2BCA7E4900A97EAB /* Base */,
				EC334F442BCC008900A97EAB /* Custom */,
				ECC824D12BD3C974006C28F5 /* Launch */,
				EC334F712BCD10AA00A97EAB /* User */,
				EC334F382BCA7F2D00A97EAB /* Home */,
				ECC825042BD534AC006C28F5 /* Comments */,
				ECC824DF2BD409E5006C28F5 /* Write */,
				EC0F3F832BD6823C00D864EC /* Profile */,
				EC0F3FA62BD7D69200D864EC /* ProfileEdit */,
				EC0F3FC52BDA6DF300D864EC /* Follow */,
				EC334F0B2BC90CBB00A97EAB /* AppDelegate.swift */,
				EC334F0D2BC90CBB00A97EAB /* SceneDelegate.swift */,
				EC334F142BC90CBC00A97EAB /* Assets.xcassets */,
				EC334F162BC90CBC00A97EAB /* LaunchScreen.storyboard */,
				EC334F192BC90CBC00A97EAB /* Info.plist */,
			);
			path = Uyubudan;
			sourceTree = "<group>";
		};
		EC334F2B2BCA7E4900A97EAB /* Base */ = {
			isa = PBXGroup;
			children = (
				EC334F2C2BCA7E5200A97EAB /* BaseView.swift */,
				EC334F312BCA7EC500A97EAB /* BaseViewController.swift */,
				EC334F422BCBA5A800A97EAB /* BaseCollectionViewCell.swift */,
			);
			path = Base;
			sourceTree = "<group>";
		};
		EC334F382BCA7F2D00A97EAB /* Home */ = {
			isa = PBXGroup;
			children = (
				ECC824C82BD39DD4006C28F5 /* LikeState.swift */,
				EC334F392BCA7F3C00A97EAB /* HomeView.swift */,
				EC334F3B2BCA7F4400A97EAB /* HomeViewController.swift */,
				EC0CE6C92BD111540073276A /* HomeViewModel.swift */,
				EC334F402BCBA59400A97EAB /* PostCollectionViewCell.swift */,
				ECC825022BD4F827006C28F5 /* CategoryCollectionViewCell.swift */,
			);
			path = Home;
			sourceTree = "<group>";
		};
		EC334F3D2BCBA4A100A97EAB /* Extensions */ = {
			isa = PBXGroup;
			children = (
				EC334F3E2BCBA4B000A97EAB /* Extension+UIView.swift */,
				EC334F982BCD7F6500A97EAB /* Extension+UIViewController.swift */,
				EC0CE6D02BD139ED0073276A /* Extension+String.swift */,
				EC0F3FAD2BD80C0000D864EC /* Extension+Bool.swift */,
			);
			path = Extensions;
			sourceTree = "<group>";
		};
		EC334F442BCC008900A97EAB /* Custom */ = {
			isa = PBXGroup;
			children = (
				EC334F452BCC009A00A97EAB /* ProfileImageView.swift */,
				EC334F772BCD38C300A97EAB /* PrimaryColorButton.swift */,
				EC334F8E2BCD776900A97EAB /* CustomTextField.swift */,
				EC0CE6D22BD176AB0073276A /* CustomProfileView.swift */,
			);
			path = Custom;
			sourceTree = "<group>";
		};
		EC334F712BCD10AA00A97EAB /* User */ = {
			isa = PBXGroup;
			children = (
				EC334F7E2BCD688300A97EAB /* Login */,
				EC334F722BCD10DD00A97EAB /* Join */,
			);
			path = User;
			sourceTree = "<group>";
		};
		EC334F722BCD10DD00A97EAB /* Join */ = {
			isa = PBXGroup;
			children = (
				EC334F732BCD10E600A97EAB /* JoinView.swift */,
				EC334F752BCD110500A97EAB /* JoinViewController.swift */,
				EC334F862BCD6FD400A97EAB /* Email */,
				EC334F872BCD6FDA00A97EAB /* Password */,
				EC334F882BCD6FE400A97EAB /* Nickname */,
			);
			path = Join;
			sourceTree = "<group>";
		};
		EC334F7B2BCD3E4900A97EAB /* Protocols */ = {
			isa = PBXGroup;
			children = (
				EC334F7C2BCD3E5B00A97EAB /* Protocols.swift */,
			);
			path = Protocols;
			sourceTree = "<group>";
		};
		EC334F7E2BCD688300A97EAB /* Login */ = {
			isa = PBXGroup;
			children = (
				EC334F7F2BCD688E00A97EAB /* LoginView.swift */,
				EC334F812BCD69DC00A97EAB /* LoginViewController.swift */,
				EC334FD32BCE91B200A97EAB /* LoginViewModel.swift */,
			);
			path = Login;
			sourceTree = "<group>";
		};
		EC334F862BCD6FD400A97EAB /* Email */ = {
			isa = PBXGroup;
			children = (
				EC334F8C2BCD76AD00A97EAB /* EmailView.swift */,
				EC334F8A2BCD749200A97EAB /* EmailViewController.swift */,
				EC7E0F5F2BCFC32A00F15199 /* EmailViewModel.swift */,
			);
			path = Email;
			sourceTree = "<group>";
		};
		EC334F872BCD6FDA00A97EAB /* Password */ = {
			isa = PBXGroup;
			children = (
				EC334F902BCD787F00A97EAB /* PasswordView.swift */,
				EC334F922BCD788900A97EAB /* PasswordViewController.swift */,
				EC7E0F632BCFEC8400F15199 /* PasswordViewModel.swift */,
			);
			path = Password;
			sourceTree = "<group>";
		};
		EC334F882BCD6FE400A97EAB /* Nickname */ = {
			isa = PBXGroup;
			children = (
				EC334F942BCD78B600A97EAB /* NicknameView.swift */,
				EC334F962BCD7D8400A97EAB /* NicknameViewController.swift */,
				EC7E0F652BCFFD8800F15199 /* NicknameViewModel.swift */,
			);
			path = Nickname;
			sourceTree = "<group>";
		};
		EC334FB62BCE5A2B00A97EAB /* Network */ = {
			isa = PBXGroup;
			children = (
				EC334FB72BCE5AE700A97EAB /* TargetType.swift */,
				EC334FBF2BCE5F9400A97EAB /* HTTPHeader.swift */,
				EC334FC42BCE636E00A97EAB /* Version.swift */,
				EC334FD12BCE8CA900A97EAB /* HTTPError.swift */,
				ECC824D42BD3E197006C28F5 /* NetworkInterceptor.swift */,
				EC334FCA2BCE658C00A97EAB /* NetworkManager.swift */,
				EC334FBC2BCE5D1C00A97EAB /* User */,
				EC0CE6BF2BD0FD570073276A /* Post */,
				ECC824CA2BD3A01C006C28F5 /* Like */,
				ECC825102BD57960006C28F5 /* Comments */,
				EC0F3F882BD6831800D864EC /* Profile */,
				EC0F3FC02BDA0B1500D864EC /* Follow */,
			);
			path = Network;
			sourceTree = "<group>";
		};
		EC334FBC2BCE5D1C00A97EAB /* User */ = {
			isa = PBXGroup;
			children = (
				EC334FBD2BCE5D2700A97EAB /* UserRouter.swift */,
				EC334FC32BCE62B500A97EAB /* Query */,
				EC334FCE2BCE6F5500A97EAB /* Model */,
			);
			path = User;
			sourceTree = "<group>";
		};
		EC334FC32BCE62B500A97EAB /* Query */ = {
			isa = PBXGroup;
			children = (
				EC334FC12BCE628C00A97EAB /* JoinQuery.swift */,
				EC334FC62BCE63D100A97EAB /* EmailValidationQuery.swift */,
				EC334FC82BCE644400A97EAB /* LoginQuery.swift */,
			);
			path = Query;
			sourceTree = "<group>";
		};
		EC334FCE2BCE6F5500A97EAB /* Model */ = {
			isa = PBXGroup;
			children = (
				EC334FCF2BCE713E00A97EAB /* JoinModel.swift */,
				EC334FD52BCE93F900A97EAB /* LoginModel.swift */,
				EC7E0F612BCFC9C500F15199 /* MessageModel.swift */,
				ECC824D62BD3E358006C28F5 /* AuthRefreshModel.swift */,
			);
			path = Model;
			sourceTree = "<group>";
		};
		EC7E0F5E2BCFBFCB00F15199 /* Manager */ = {
			isa = PBXGroup;
			children = (
				EC334FD82BCE957900A97EAB /* UserDefaultsManager.swift */,
				EC7E0F5A2BCFBFB200F15199 /* JoinManager.swift */,
				ECC824ED2BD42C15006C28F5 /* WriteManager.swift */,
			);
			path = Manager;
			sourceTree = "<group>";
		};
		ECC824CA2BD3A01C006C28F5 /* Like */ = {
			isa = PBXGroup;
			children = (
				ECC824CB2BD3A033006C28F5 /* LikeRouter.swift */,
				ECC824CD2BD3A221006C28F5 /* LikeQuery.swift */,
				ECC824CF2BD3A305006C28F5 /* LikeModel.swift */,
			);
			path = Like;
			sourceTree = "<group>";
		};
		ECC824D12BD3C974006C28F5 /* Launch */ = {
			isa = PBXGroup;
			children = (
				ECC824D22BD3C989006C28F5 /* LaunchViewController.swift */,
				ECC824E42BD41EB0006C28F5 /* TabViewController.swift */,
			);
			path = Launch;
			sourceTree = "<group>";
		};
		ECC824DF2BD409E5006C28F5 /* Write */ = {
			isa = PBXGroup;
			children = (
				ECC824E22BD409FE006C28F5 /* WriteView.swift */,
				ECC824E02BD409F5006C28F5 /* WriteViewController.swift */,
				ECC824E62BD42570006C28F5 /* Category */,
				ECC824F22BD42FAA006C28F5 /* Contents */,
				ECC824F92BD43AF1006C28F5 /* Select */,
			);
			path = Write;
			sourceTree = "<group>";
		};
		ECC824E62BD42570006C28F5 /* Category */ = {
			isa = PBXGroup;
			children = (
				ECC824E72BD4258A006C28F5 /* CategoryView.swift */,
				ECC824E92BD425A7006C28F5 /* CategoryViewController.swift */,
				ECC824EB2BD428A6006C28F5 /* CategoryViewModel.swift */,
			);
			path = Category;
			sourceTree = "<group>";
		};
		ECC824F22BD42FAA006C28F5 /* Contents */ = {
			isa = PBXGroup;
			children = (
				ECC824F32BD42FBD006C28F5 /* ContentsView.swift */,
				ECC824F52BD42FD5006C28F5 /* ContentsViewController.swift */,
				ECC824F72BD43799006C28F5 /* ContentsViewModel.swift */,
			);
			path = Contents;
			sourceTree = "<group>";
		};
		ECC824F92BD43AF1006C28F5 /* Select */ = {
			isa = PBXGroup;
			children = (
				ECC824FA2BD43C60006C28F5 /* SelectView.swift */,
				ECC824FC2BD43C69006C28F5 /* SelectViewController.swift */,
				ECC824FE2BD4DFB1006C28F5 /* SelectViewModel.swift */,
			);
			path = Select;
			sourceTree = "<group>";
		};
		ECC825042BD534AC006C28F5 /* Comments */ = {
			isa = PBXGroup;
			children = (
				ECC825052BD534E7006C28F5 /* CommentsView.swift */,
				ECC825072BD534F0006C28F5 /* CommentsViewController.swift */,
				ECC8250E2BD54B1A006C28F5 /* CommentsViewModel.swift */,
				ECC8250C2BD53B85006C28F5 /* CreatorCollectionViewCell.swift */,
			);
			path = Comments;
			sourceTree = "<group>";
		};
		ECC825102BD57960006C28F5 /* Comments */ = {
			isa = PBXGroup;
			children = (
				ECC825112BD5797A006C28F5 /* CommentsRouter.swift */,
				ECC825132BD57AC5006C28F5 /* CommentsWriteQuery.swift */,
			);
			path = Comments;
			sourceTree = "<group>";
		};
/* End PBXGroup section */

/* Begin PBXNativeTarget section */
		EC334F072BC90CBB00A97EAB /* Uyubudan */ = {
			isa = PBXNativeTarget;
			buildConfigurationList = EC334F1C2BC90CBC00A97EAB /* Build configuration list for PBXNativeTarget "Uyubudan" */;
			buildPhases = (
				EC334F042BC90CBB00A97EAB /* Sources */,
				EC334F052BC90CBB00A97EAB /* Frameworks */,
				EC334F062BC90CBB00A97EAB /* Resources */,
			);
			buildRules = (
			);
			dependencies = (
			);
			name = Uyubudan;
			packageProductDependencies = (
				EC334F2F2BCA7E6500A97EAB /* SnapKit */,
				EC334F342BCA7F0200A97EAB /* RxCocoa */,
				EC334F362BCA7F0200A97EAB /* RxSwift */,
				EC334F842BCD6C5E00A97EAB /* IQKeyboardManagerSwift */,
				EC334FBA2BCE5AF900A97EAB /* Alamofire */,
				EC334FDB2BCE9A2800A97EAB /* Toast */,
				ECC824D92BD3EC8E006C28F5 /* Kingfisher */,
			);
			productName = Uyubudan;
			productReference = EC334F082BC90CBB00A97EAB /* Uyubudan.app */;
			productType = "com.apple.product-type.application";
		};
/* End PBXNativeTarget section */

/* Begin PBXProject section */
		EC334F002BC90CBB00A97EAB /* Project object */ = {
			isa = PBXProject;
			attributes = {
				BuildIndependentTargetsInParallel = 1;
				LastSwiftUpdateCheck = 1530;
				LastUpgradeCheck = 1530;
				TargetAttributes = {
					EC334F072BC90CBB00A97EAB = {
						CreatedOnToolsVersion = 15.3;
					};
				};
			};
			buildConfigurationList = EC334F032BC90CBB00A97EAB /* Build configuration list for PBXProject "Uyubudan" */;
			compatibilityVersion = "Xcode 14.0";
			developmentRegion = en;
			hasScannedForEncodings = 0;
			knownRegions = (
				en,
				Base,
			);
			mainGroup = EC334EFF2BC90CBB00A97EAB;
			packageReferences = (
				EC334F2E2BCA7E6500A97EAB /* XCRemoteSwiftPackageReference "SnapKit" */,
				EC334F332BCA7F0200A97EAB /* XCRemoteSwiftPackageReference "RxSwift" */,
				EC334F832BCD6C5E00A97EAB /* XCRemoteSwiftPackageReference "IQKeyboardManager" */,
				EC334FB92BCE5AF900A97EAB /* XCRemoteSwiftPackageReference "Alamofire" */,
				EC334FDA2BCE9A2800A97EAB /* XCRemoteSwiftPackageReference "Toast-Swift" */,
				ECC824D82BD3EC8E006C28F5 /* XCRemoteSwiftPackageReference "Kingfisher" */,
			);
			productRefGroup = EC334F092BC90CBB00A97EAB /* Products */;
			projectDirPath = "";
			projectRoot = "";
			targets = (
				EC334F072BC90CBB00A97EAB /* Uyubudan */,
			);
		};
/* End PBXProject section */

/* Begin PBXResourcesBuildPhase section */
		EC334F062BC90CBB00A97EAB /* Resources */ = {
			isa = PBXResourcesBuildPhase;
			buildActionMask = 2147483647;
			files = (
				EC334F202BC90CDB00A97EAB /* .gitignore in Resources */,
				EC334F152BC90CBC00A97EAB /* Assets.xcassets in Resources */,
				EC334F182BC90CBC00A97EAB /* Base in Resources */,
			);
			runOnlyForDeploymentPostprocessing = 0;
		};
/* End PBXResourcesBuildPhase section */

/* Begin PBXSourcesBuildPhase section */
		EC334F042BC90CBB00A97EAB /* Sources */ = {
			isa = PBXSourcesBuildPhase;
			buildActionMask = 2147483647;
			files = (
				EC334F822BCD69DC00A97EAB /* LoginViewController.swift in Sources */,
				EC7E0F642BCFEC8400F15199 /* PasswordViewModel.swift in Sources */,
				EC0CE6C12BD0FD760073276A /* PostRouter.swift in Sources */,
				EC0F3FC22BDA0B2800D864EC /* FollowRouter.swift in Sources */,
				EC0F3F902BD6B0F500D864EC /* ProfileViewModel.swift in Sources */,
				EC7E0F662BCFFD8800F15199 /* NicknameViewModel.swift in Sources */,
				EC334FD02BCE713E00A97EAB /* JoinModel.swift in Sources */,
				ECC824CC2BD3A033006C28F5 /* LikeRouter.swift in Sources */,
				EC334F912BCD788000A97EAB /* PasswordView.swift in Sources */,
				EC0F3F8C2BD6855600D864EC /* ProfileUpdateQuery.swift in Sources */,
				EC334FB82BCE5AE700A97EAB /* TargetType.swift in Sources */,
				EC7E0F622BCFC9C500F15199 /* MessageModel.swift in Sources */,
				EC334F322BCA7EC500A97EAB /* BaseViewController.swift in Sources */,
				ECC824FD2BD43C69006C28F5 /* SelectViewController.swift in Sources */,
				EC0F3F8E2BD6AFB600D864EC /* CardCollectionViewCell.swift in Sources */,
				EC334F782BCD38C300A97EAB /* PrimaryColorButton.swift in Sources */,
				ECC824D72BD3E358006C28F5 /* AuthRefreshModel.swift in Sources */,
				EC0F3FAC2BD7DA9600D864EC /* ProfileEditViewModel.swift in Sources */,
				EC334F7D2BCD3E5B00A97EAB /* Protocols.swift in Sources */,
				ECC824E52BD41EB0006C28F5 /* TabViewController.swift in Sources */,
				EC0F3FC42BDA0C2200D864EC /* FollowModel.swift in Sources */,
				EC334F222BC90E2800A97EAB /* Environment.swift in Sources */,
				ECC8250F2BD54B1A006C28F5 /* CommentsViewModel.swift in Sources */,
				EC0F3FC92BDA6E0D00D864EC /* FollowViewController.swift in Sources */,
				EC334FD42BCE91B200A97EAB /* LoginViewModel.swift in Sources */,
				ECC824EA2BD425A7006C28F5 /* CategoryViewController.swift in Sources */,
				EC0F3FCB2BDA6EBA00D864EC /* FollowCollectionViewCell.swift in Sources */,
				EC334F952BCD78B600A97EAB /* NicknameView.swift in Sources */,
				EC334FC72BCE63D100A97EAB /* EmailValidationQuery.swift in Sources */,
				EC0F3F8A2BD6832E00D864EC /* ProfileRouter.swift in Sources */,
				EC7E0F602BCFC32A00F15199 /* EmailViewModel.swift in Sources */,
				ECC824F82BD43799006C28F5 /* ContentsViewModel.swift in Sources */,
				ECC8250D2BD53B85006C28F5 /* CreatorCollectionViewCell.swift in Sources */,
				EC7E0F5B2BCFBFB200F15199 /* JoinManager.swift in Sources */,
				ECC825062BD534E7006C28F5 /* CommentsView.swift in Sources */,
				EC334F3F2BCBA4B000A97EAB /* Extension+UIView.swift in Sources */,
				EC334F992BCD7F6500A97EAB /* Extension+UIViewController.swift in Sources */,
				EC0CE6CA2BD111540073276A /* HomeViewModel.swift in Sources */,
				EC0CE6D12BD139ED0073276A /* Extension+String.swift in Sources */,
				ECC824E82BD4258A006C28F5 /* CategoryView.swift in Sources */,
				EC334F0C2BC90CBB00A97EAB /* AppDelegate.swift in Sources */,
				ECC825082BD534F0006C28F5 /* CommentsViewController.swift in Sources */,
				EC334F3A2BCA7F3C00A97EAB /* HomeView.swift in Sources */,
				EC334FC02BCE5F9400A97EAB /* HTTPHeader.swift in Sources */,
				EC334F972BCD7D8400A97EAB /* NicknameViewController.swift in Sources */,
				EC0F3FDB2BDCC49700D864EC /* ProfileState.swift in Sources */,
				EC334FCB2BCE658C00A97EAB /* NetworkManager.swift in Sources */,
				EC334F8D2BCD76AD00A97EAB /* EmailView.swift in Sources */,
				EC0F3FCD2BDA70CE00D864EC /* FollowViewModel.swift in Sources */,
				EC334FC22BCE628C00A97EAB /* JoinQuery.swift in Sources */,
				EC0CE6CD2BD112180073276A /* ReadAllModel.swift in Sources */,
				ECC825122BD5797A006C28F5 /* CommentsRouter.swift in Sources */,
				EC334FC52BCE636E00A97EAB /* Version.swift in Sources */,
				EC0F3FCF2BDA758200D864EC /* FollowState.swift in Sources */,
				ECC824E32BD409FE006C28F5 /* WriteView.swift in Sources */,
				EC334F462BCC009A00A97EAB /* ProfileImageView.swift in Sources */,
				EC0CE6C82BD108280073276A /* UpdateQuery.swift in Sources */,
				ECC825032BD4F827006C28F5 /* CategoryCollectionViewCell.swift in Sources */,
				EC334F432BCBA5A800A97EAB /* BaseCollectionViewCell.swift in Sources */,
				ECC824E12BD409F5006C28F5 /* WriteViewController.swift in Sources */,
				EC334F802BCD688E00A97EAB /* LoginView.swift in Sources */,
				EC334FD92BCE957900A97EAB /* UserDefaultsManager.swift in Sources */,
				EC334F0E2BC90CBB00A97EAB /* SceneDelegate.swift in Sources */,
				EC0F3FC72BDA6E0500D864EC /* FollowView.swift in Sources */,
				ECC824C92BD39DD4006C28F5 /* LikeState.swift in Sources */,
				EC334F8F2BCD776900A97EAB /* CustomTextField.swift in Sources */,
				EC0F3FB22BD819D500D864EC /* UploadImageModel.swift in Sources */,
				ECC824D02BD3A305006C28F5 /* LikeModel.swift in Sources */,
				EC334F8B2BCD749200A97EAB /* EmailViewController.swift in Sources */,
				EC0F3F872BD6825700D864EC /* ProfileViewController.swift in Sources */,
				EC0F3F922BD6B27B00D864EC /* ProfileModel.swift in Sources */,
				ECC824F62BD42FD5006C28F5 /* ContentsViewController.swift in Sources */,
				ECC824EE2BD42C15006C28F5 /* WriteManager.swift in Sources */,
				EC0F3FAE2BD80C0000D864EC /* Extension+Bool.swift in Sources */,
				ECC824FB2BD43C60006C28F5 /* SelectView.swift in Sources */,
				EC334F742BCD10E600A97EAB /* JoinView.swift in Sources */,
				EC0CE6D32BD176AB0073276A /* CustomProfileView.swift in Sources */,
				ECC824CE2BD3A221006C28F5 /* LikeQuery.swift in Sources */,
				ECC824FF2BD4DFB1006C28F5 /* SelectViewModel.swift in Sources */,
				EC334FD22BCE8CA900A97EAB /* HTTPError.swift in Sources */,
				EC0CE6C62BD1075C0073276A /* WriteQuery.swift in Sources */,
				EC0CE6C42BD106CE0073276A /* UploadImageQuery.swift in Sources */,
				ECC824D32BD3C989006C28F5 /* LaunchViewController.swift in Sources */,
				EC334F932BCD788900A97EAB /* PasswordViewController.swift in Sources */,
				ECC824F42BD42FBD006C28F5 /* ContentsView.swift in Sources */,
				EC334FC92BCE644400A97EAB /* LoginQuery.swift in Sources */,
				EC0F3F852BD6824E00D864EC /* ProfileView.swift in Sources */,
				EC334FBE2BCE5D2700A97EAB /* UserRouter.swift in Sources */,
				ECC825142BD57AC5006C28F5 /* CommentsWriteQuery.swift in Sources */,
				EC334FD62BCE93F900A97EAB /* LoginModel.swift in Sources */,
				EC334F3C2BCA7F4400A97EAB /* HomeViewController.swift in Sources */,
				ECC824D52BD3E197006C28F5 /* NetworkInterceptor.swift in Sources */,
				ECC824EC2BD428A6006C28F5 /* CategoryViewModel.swift in Sources */,
				EC0F3FAA2BD7D6B100D864EC /* ProfileEditViewController.swift in Sources */,
				EC0F3FA82BD7D6A700D864EC /* ProfileEditView.swift in Sources */,
				EC334F2D2BCA7E5200A97EAB /* BaseView.swift in Sources */,
				EC334F412BCBA59400A97EAB /* PostCollectionViewCell.swift in Sources */,
				EC334F762BCD110500A97EAB /* JoinViewController.swift in Sources */,
			);
			runOnlyForDeploymentPostprocessing = 0;
		};
/* End PBXSourcesBuildPhase section */

/* Begin PBXVariantGroup section */
		EC334F162BC90CBC00A97EAB /* LaunchScreen.storyboard */ = {
			isa = PBXVariantGroup;
			children = (
				EC334F172BC90CBC00A97EAB /* Base */,
			);
			name = LaunchScreen.storyboard;
			sourceTree = "<group>";
		};
/* End PBXVariantGroup section */

/* Begin XCBuildConfiguration section */
		EC334F1A2BC90CBC00A97EAB /* Debug */ = {
			isa = XCBuildConfiguration;
			buildSettings = {
				ALWAYS_SEARCH_USER_PATHS = NO;
				ASSETCATALOG_COMPILER_GENERATE_SWIFT_ASSET_SYMBOL_EXTENSIONS = YES;
				CLANG_ANALYZER_NONNULL = YES;
				CLANG_ANALYZER_NUMBER_OBJECT_CONVERSION = YES_AGGRESSIVE;
				CLANG_CXX_LANGUAGE_STANDARD = "gnu++20";
				CLANG_ENABLE_MODULES = YES;
				CLANG_ENABLE_OBJC_ARC = YES;
				CLANG_ENABLE_OBJC_WEAK = YES;
				CLANG_WARN_BLOCK_CAPTURE_AUTORELEASING = YES;
				CLANG_WARN_BOOL_CONVERSION = YES;
				CLANG_WARN_COMMA = YES;
				CLANG_WARN_CONSTANT_CONVERSION = YES;
				CLANG_WARN_DEPRECATED_OBJC_IMPLEMENTATIONS = YES;
				CLANG_WARN_DIRECT_OBJC_ISA_USAGE = YES_ERROR;
				CLANG_WARN_DOCUMENTATION_COMMENTS = YES;
				CLANG_WARN_EMPTY_BODY = YES;
				CLANG_WARN_ENUM_CONVERSION = YES;
				CLANG_WARN_INFINITE_RECURSION = YES;
				CLANG_WARN_INT_CONVERSION = YES;
				CLANG_WARN_NON_LITERAL_NULL_CONVERSION = YES;
				CLANG_WARN_OBJC_IMPLICIT_RETAIN_SELF = YES;
				CLANG_WARN_OBJC_LITERAL_CONVERSION = YES;
				CLANG_WARN_OBJC_ROOT_CLASS = YES_ERROR;
				CLANG_WARN_QUOTED_INCLUDE_IN_FRAMEWORK_HEADER = YES;
				CLANG_WARN_RANGE_LOOP_ANALYSIS = YES;
				CLANG_WARN_STRICT_PROTOTYPES = YES;
				CLANG_WARN_SUSPICIOUS_MOVE = YES;
				CLANG_WARN_UNGUARDED_AVAILABILITY = YES_AGGRESSIVE;
				CLANG_WARN_UNREACHABLE_CODE = YES;
				CLANG_WARN__DUPLICATE_METHOD_MATCH = YES;
				COPY_PHASE_STRIP = NO;
				DEBUG_INFORMATION_FORMAT = dwarf;
				ENABLE_STRICT_OBJC_MSGSEND = YES;
				ENABLE_TESTABILITY = YES;
				ENABLE_USER_SCRIPT_SANDBOXING = YES;
				GCC_C_LANGUAGE_STANDARD = gnu17;
				GCC_DYNAMIC_NO_PIC = NO;
				GCC_NO_COMMON_BLOCKS = YES;
				GCC_OPTIMIZATION_LEVEL = 0;
				GCC_PREPROCESSOR_DEFINITIONS = (
					"DEBUG=1",
					"$(inherited)",
				);
				GCC_WARN_64_TO_32_BIT_CONVERSION = YES;
				GCC_WARN_ABOUT_RETURN_TYPE = YES_ERROR;
				GCC_WARN_UNDECLARED_SELECTOR = YES;
				GCC_WARN_UNINITIALIZED_AUTOS = YES_AGGRESSIVE;
				GCC_WARN_UNUSED_FUNCTION = YES;
				GCC_WARN_UNUSED_VARIABLE = YES;
				IPHONEOS_DEPLOYMENT_TARGET = 17.4;
				LOCALIZATION_PREFERS_STRING_CATALOGS = YES;
				MTL_ENABLE_DEBUG_INFO = INCLUDE_SOURCE;
				MTL_FAST_MATH = YES;
				ONLY_ACTIVE_ARCH = YES;
				SDKROOT = iphoneos;
				SWIFT_ACTIVE_COMPILATION_CONDITIONS = "DEBUG $(inherited)";
				SWIFT_OPTIMIZATION_LEVEL = "-Onone";
			};
			name = Debug;
		};
		EC334F1B2BC90CBC00A97EAB /* Release */ = {
			isa = XCBuildConfiguration;
			buildSettings = {
				ALWAYS_SEARCH_USER_PATHS = NO;
				ASSETCATALOG_COMPILER_GENERATE_SWIFT_ASSET_SYMBOL_EXTENSIONS = YES;
				CLANG_ANALYZER_NONNULL = YES;
				CLANG_ANALYZER_NUMBER_OBJECT_CONVERSION = YES_AGGRESSIVE;
				CLANG_CXX_LANGUAGE_STANDARD = "gnu++20";
				CLANG_ENABLE_MODULES = YES;
				CLANG_ENABLE_OBJC_ARC = YES;
				CLANG_ENABLE_OBJC_WEAK = YES;
				CLANG_WARN_BLOCK_CAPTURE_AUTORELEASING = YES;
				CLANG_WARN_BOOL_CONVERSION = YES;
				CLANG_WARN_COMMA = YES;
				CLANG_WARN_CONSTANT_CONVERSION = YES;
				CLANG_WARN_DEPRECATED_OBJC_IMPLEMENTATIONS = YES;
				CLANG_WARN_DIRECT_OBJC_ISA_USAGE = YES_ERROR;
				CLANG_WARN_DOCUMENTATION_COMMENTS = YES;
				CLANG_WARN_EMPTY_BODY = YES;
				CLANG_WARN_ENUM_CONVERSION = YES;
				CLANG_WARN_INFINITE_RECURSION = YES;
				CLANG_WARN_INT_CONVERSION = YES;
				CLANG_WARN_NON_LITERAL_NULL_CONVERSION = YES;
				CLANG_WARN_OBJC_IMPLICIT_RETAIN_SELF = YES;
				CLANG_WARN_OBJC_LITERAL_CONVERSION = YES;
				CLANG_WARN_OBJC_ROOT_CLASS = YES_ERROR;
				CLANG_WARN_QUOTED_INCLUDE_IN_FRAMEWORK_HEADER = YES;
				CLANG_WARN_RANGE_LOOP_ANALYSIS = YES;
				CLANG_WARN_STRICT_PROTOTYPES = YES;
				CLANG_WARN_SUSPICIOUS_MOVE = YES;
				CLANG_WARN_UNGUARDED_AVAILABILITY = YES_AGGRESSIVE;
				CLANG_WARN_UNREACHABLE_CODE = YES;
				CLANG_WARN__DUPLICATE_METHOD_MATCH = YES;
				COPY_PHASE_STRIP = NO;
				DEBUG_INFORMATION_FORMAT = "dwarf-with-dsym";
				ENABLE_NS_ASSERTIONS = NO;
				ENABLE_STRICT_OBJC_MSGSEND = YES;
				ENABLE_USER_SCRIPT_SANDBOXING = YES;
				GCC_C_LANGUAGE_STANDARD = gnu17;
				GCC_NO_COMMON_BLOCKS = YES;
				GCC_WARN_64_TO_32_BIT_CONVERSION = YES;
				GCC_WARN_ABOUT_RETURN_TYPE = YES_ERROR;
				GCC_WARN_UNDECLARED_SELECTOR = YES;
				GCC_WARN_UNINITIALIZED_AUTOS = YES_AGGRESSIVE;
				GCC_WARN_UNUSED_FUNCTION = YES;
				GCC_WARN_UNUSED_VARIABLE = YES;
				IPHONEOS_DEPLOYMENT_TARGET = 17.4;
				LOCALIZATION_PREFERS_STRING_CATALOGS = YES;
				MTL_ENABLE_DEBUG_INFO = NO;
				MTL_FAST_MATH = YES;
				SDKROOT = iphoneos;
				SWIFT_COMPILATION_MODE = wholemodule;
				VALIDATE_PRODUCT = YES;
			};
			name = Release;
		};
		EC334F1D2BC90CBC00A97EAB /* Debug */ = {
			isa = XCBuildConfiguration;
			buildSettings = {
				ASSETCATALOG_COMPILER_APPICON_NAME = AppIcon;
				ASSETCATALOG_COMPILER_GLOBAL_ACCENT_COLOR_NAME = AccentColor;
				CODE_SIGN_STYLE = Automatic;
				CURRENT_PROJECT_VERSION = 1;
				DEVELOPMENT_TEAM = 9G88QGSLX7;
				GENERATE_INFOPLIST_FILE = YES;
				INFOPLIST_FILE = Uyubudan/Info.plist;
				INFOPLIST_KEY_UIApplicationSupportsIndirectInputEvents = YES;
				INFOPLIST_KEY_UILaunchStoryboardName = LaunchScreen;
				INFOPLIST_KEY_UIMainStoryboardFile = "";
				INFOPLIST_KEY_UISupportedInterfaceOrientations = UIInterfaceOrientationPortrait;
				INFOPLIST_KEY_UISupportedInterfaceOrientations_iPad = "UIInterfaceOrientationLandscapeLeft UIInterfaceOrientationLandscapeRight UIInterfaceOrientationPortrait UIInterfaceOrientationPortraitUpsideDown";
				IPHONEOS_DEPLOYMENT_TARGET = 16.0;
				LD_RUNPATH_SEARCH_PATHS = (
					"$(inherited)",
					"@executable_path/Frameworks",
				);
				MARKETING_VERSION = 1.0;
				PRODUCT_BUNDLE_IDENTIFIER = com.olraedev.Uyubudan;
				PRODUCT_NAME = "$(TARGET_NAME)";
				SUPPORTED_PLATFORMS = "iphoneos iphonesimulator";
				SUPPORTS_MACCATALYST = NO;
				SUPPORTS_MAC_DESIGNED_FOR_IPHONE_IPAD = NO;
				SUPPORTS_XR_DESIGNED_FOR_IPHONE_IPAD = NO;
				SWIFT_EMIT_LOC_STRINGS = YES;
				SWIFT_VERSION = 5.0;
				TARGETED_DEVICE_FAMILY = 1;
			};
			name = Debug;
		};
		EC334F1E2BC90CBC00A97EAB /* Release */ = {
			isa = XCBuildConfiguration;
			buildSettings = {
				ASSETCATALOG_COMPILER_APPICON_NAME = AppIcon;
				ASSETCATALOG_COMPILER_GLOBAL_ACCENT_COLOR_NAME = AccentColor;
				CODE_SIGN_STYLE = Automatic;
				CURRENT_PROJECT_VERSION = 1;
				DEVELOPMENT_TEAM = 9G88QGSLX7;
				GENERATE_INFOPLIST_FILE = YES;
				INFOPLIST_FILE = Uyubudan/Info.plist;
				INFOPLIST_KEY_UIApplicationSupportsIndirectInputEvents = YES;
				INFOPLIST_KEY_UILaunchStoryboardName = LaunchScreen;
				INFOPLIST_KEY_UIMainStoryboardFile = "";
				INFOPLIST_KEY_UISupportedInterfaceOrientations = UIInterfaceOrientationPortrait;
				INFOPLIST_KEY_UISupportedInterfaceOrientations_iPad = "UIInterfaceOrientationLandscapeLeft UIInterfaceOrientationLandscapeRight UIInterfaceOrientationPortrait UIInterfaceOrientationPortraitUpsideDown";
				IPHONEOS_DEPLOYMENT_TARGET = 16.0;
				LD_RUNPATH_SEARCH_PATHS = (
					"$(inherited)",
					"@executable_path/Frameworks",
				);
				MARKETING_VERSION = 1.0;
				PRODUCT_BUNDLE_IDENTIFIER = com.olraedev.Uyubudan;
				PRODUCT_NAME = "$(TARGET_NAME)";
				SUPPORTED_PLATFORMS = "iphoneos iphonesimulator";
				SUPPORTS_MACCATALYST = NO;
				SUPPORTS_MAC_DESIGNED_FOR_IPHONE_IPAD = NO;
				SUPPORTS_XR_DESIGNED_FOR_IPHONE_IPAD = NO;
				SWIFT_EMIT_LOC_STRINGS = YES;
				SWIFT_VERSION = 5.0;
				TARGETED_DEVICE_FAMILY = 1;
			};
			name = Release;
		};
/* End XCBuildConfiguration section */

/* Begin XCConfigurationList section */
		EC334F032BC90CBB00A97EAB /* Build configuration list for PBXProject "Uyubudan" */ = {
			isa = XCConfigurationList;
			buildConfigurations = (
				EC334F1A2BC90CBC00A97EAB /* Debug */,
				EC334F1B2BC90CBC00A97EAB /* Release */,
			);
			defaultConfigurationIsVisible = 0;
			defaultConfigurationName = Release;
		};
		EC334F1C2BC90CBC00A97EAB /* Build configuration list for PBXNativeTarget "Uyubudan" */ = {
			isa = XCConfigurationList;
			buildConfigurations = (
				EC334F1D2BC90CBC00A97EAB /* Debug */,
				EC334F1E2BC90CBC00A97EAB /* Release */,
			);
			defaultConfigurationIsVisible = 0;
			defaultConfigurationName = Release;
		};
/* End XCConfigurationList section */

/* Begin XCRemoteSwiftPackageReference section */
		EC334F2E2BCA7E6500A97EAB /* XCRemoteSwiftPackageReference "SnapKit" */ = {
			isa = XCRemoteSwiftPackageReference;
			repositoryURL = "https://github.com/SnapKit/SnapKit.git";
			requirement = {
				kind = upToNextMajorVersion;
				minimumVersion = 5.7.1;
			};
		};
		EC334F332BCA7F0200A97EAB /* XCRemoteSwiftPackageReference "RxSwift" */ = {
			isa = XCRemoteSwiftPackageReference;
			repositoryURL = "https://github.com/ReactiveX/RxSwift.git";
			requirement = {
				kind = upToNextMajorVersion;
				minimumVersion = 6.6.0;
			};
		};
		EC334F832BCD6C5E00A97EAB /* XCRemoteSwiftPackageReference "IQKeyboardManager" */ = {
			isa = XCRemoteSwiftPackageReference;
			repositoryURL = "https://github.com/hackiftekhar/IQKeyboardManager.git";
			requirement = {
				kind = upToNextMajorVersion;
				minimumVersion = 7.0.2;
			};
		};
		EC334FB92BCE5AF900A97EAB /* XCRemoteSwiftPackageReference "Alamofire" */ = {
			isa = XCRemoteSwiftPackageReference;
			repositoryURL = "https://github.com/Alamofire/Alamofire.git";
			requirement = {
				kind = upToNextMajorVersion;
				minimumVersion = 5.9.1;
			};
		};
		EC334FDA2BCE9A2800A97EAB /* XCRemoteSwiftPackageReference "Toast-Swift" */ = {
			isa = XCRemoteSwiftPackageReference;
			repositoryURL = "https://github.com/scalessec/Toast-Swift.git";
			requirement = {
				kind = upToNextMajorVersion;
				minimumVersion = 5.1.1;
			};
		};
		ECC824D82BD3EC8E006C28F5 /* XCRemoteSwiftPackageReference "Kingfisher" */ = {
			isa = XCRemoteSwiftPackageReference;
			repositoryURL = "https://github.com/onevcat/Kingfisher.git";
			requirement = {
				kind = upToNextMajorVersion;
				minimumVersion = 7.11.0;
			};
		};
/* End XCRemoteSwiftPackageReference section */

/* Begin XCSwiftPackageProductDependency section */
		EC334F2F2BCA7E6500A97EAB /* SnapKit */ = {
			isa = XCSwiftPackageProductDependency;
			package = EC334F2E2BCA7E6500A97EAB /* XCRemoteSwiftPackageReference "SnapKit" */;
			productName = SnapKit;
		};
		EC334F342BCA7F0200A97EAB /* RxCocoa */ = {
			isa = XCSwiftPackageProductDependency;
			package = EC334F332BCA7F0200A97EAB /* XCRemoteSwiftPackageReference "RxSwift" */;
			productName = RxCocoa;
		};
		EC334F362BCA7F0200A97EAB /* RxSwift */ = {
			isa = XCSwiftPackageProductDependency;
			package = EC334F332BCA7F0200A97EAB /* XCRemoteSwiftPackageReference "RxSwift" */;
			productName = RxSwift;
		};
		EC334F842BCD6C5E00A97EAB /* IQKeyboardManagerSwift */ = {
			isa = XCSwiftPackageProductDependency;
			package = EC334F832BCD6C5E00A97EAB /* XCRemoteSwiftPackageReference "IQKeyboardManager" */;
			productName = IQKeyboardManagerSwift;
		};
		EC334FBA2BCE5AF900A97EAB /* Alamofire */ = {
			isa = XCSwiftPackageProductDependency;
			package = EC334FB92BCE5AF900A97EAB /* XCRemoteSwiftPackageReference "Alamofire" */;
			productName = Alamofire;
		};
		EC334FDB2BCE9A2800A97EAB /* Toast */ = {
			isa = XCSwiftPackageProductDependency;
			package = EC334FDA2BCE9A2800A97EAB /* XCRemoteSwiftPackageReference "Toast-Swift" */;
			productName = Toast;
		};
		ECC824D92BD3EC8E006C28F5 /* Kingfisher */ = {
			isa = XCSwiftPackageProductDependency;
			package = ECC824D82BD3EC8E006C28F5 /* XCRemoteSwiftPackageReference "Kingfisher" */;
			productName = Kingfisher;
		};
/* End XCSwiftPackageProductDependency section */
	};
	rootObject = EC334F002BC90CBB00A97EAB /* Project object */;
}
