// !$*UTF8*$!
{
	archiveVersion = 1;
	classes = {
	};
	objectVersion = 56;
	objects = {

/* Begin PBXBuildFile section */
		EC334F0C2BC90CBB00A97EAB /* AppDelegate.swift in Sources */ = {isa = PBXBuildFile; fileRef = EC334F0B2BC90CBB00A97EAB /* AppDelegate.swift */; };
		EC334F0E2BC90CBB00A97EAB /* SceneDelegate.swift in Sources */ = {isa = PBXBuildFile; fileRef = EC334F0D2BC90CBB00A97EAB /* SceneDelegate.swift */; };
		EC334F152BC90CBC00A97EAB /* Assets.xcassets in Resources */ = {isa = PBXBuildFile; fileRef = EC334F142BC90CBC00A97EAB /* Assets.xcassets */; };
		EC334F182BC90CBC00A97EAB /* Base in Resources */ = {isa = PBXBuildFile; fileRef = EC334F172BC90CBC00A97EAB /* Base */; };
		EC334F202BC90CDB00A97EAB /* .gitignore in Resources */ = {isa = PBXBuildFile; fileRef = EC334F1F2BC90CDB00A97EAB /* .gitignore */; };
		EC334F222BC90E2800A97EAB /* Environment.swift in Sources */ = {isa = PBXBuildFile; fileRef = EC334F212BC90E2800A97EAB /* Environment.swift */; };
		EC334F2D2BCA7E5200A97EAB /* BaseView.swift in Sources */ = {isa = PBXBuildFile; fileRef = EC334F2C2BCA7E5200A97EAB /* BaseView.swift */; };
		EC334F302BCA7E6600A97EAB /* SnapKit in Frameworks */ = {isa = PBXBuildFile; productRef = EC334F2F2BCA7E6500A97EAB /* SnapKit */; };
		EC334F322BCA7EC500A97EAB /* BaseViewController.swift in Sources */ = {isa = PBXBuildFile; fileRef = EC334F312BCA7EC500A97EAB /* BaseViewController.swift */; };
		EC334F352BCA7F0200A97EAB /* RxCocoa in Frameworks */ = {isa = PBXBuildFile; productRef = EC334F342BCA7F0200A97EAB /* RxCocoa */; };
		EC334F372BCA7F0200A97EAB /* RxSwift in Frameworks */ = {isa = PBXBuildFile; productRef = EC334F362BCA7F0200A97EAB /* RxSwift */; };
		EC334F3A2BCA7F3C00A97EAB /* HomeView.swift in Sources */ = {isa = PBXBuildFile; fileRef = EC334F392BCA7F3C00A97EAB /* HomeView.swift */; };
		EC334F3C2BCA7F4400A97EAB /* HomeViewController.swift in Sources */ = {isa = PBXBuildFile; fileRef = EC334F3B2BCA7F4400A97EAB /* HomeViewController.swift */; };
		EC334F3F2BCBA4B000A97EAB /* Extension+UIView.swift in Sources */ = {isa = PBXBuildFile; fileRef = EC334F3E2BCBA4B000A97EAB /* Extension+UIView.swift */; };
		EC334F412BCBA59400A97EAB /* PostCollectionViewCell.swift in Sources */ = {isa = PBXBuildFile; fileRef = EC334F402BCBA59400A97EAB /* PostCollectionViewCell.swift */; };
		EC334F432BCBA5A800A97EAB /* BaseCollectionViewCell.swift in Sources */ = {isa = PBXBuildFile; fileRef = EC334F422BCBA5A800A97EAB /* BaseCollectionViewCell.swift */; };
		EC334F462BCC009A00A97EAB /* ProfileImageView.swift in Sources */ = {isa = PBXBuildFile; fileRef = EC334F452BCC009A00A97EAB /* ProfileImageView.swift */; };
		EC334F742BCD10E600A97EAB /* JoinView.swift in Sources */ = {isa = PBXBuildFile; fileRef = EC334F732BCD10E600A97EAB /* JoinView.swift */; };
		EC334F762BCD110500A97EAB /* JoinViewController.swift in Sources */ = {isa = PBXBuildFile; fileRef = EC334F752BCD110500A97EAB /* JoinViewController.swift */; };
		EC334F782BCD38C300A97EAB /* PrimaryColorButton.swift in Sources */ = {isa = PBXBuildFile; fileRef = EC334F772BCD38C300A97EAB /* PrimaryColorButton.swift */; };
		EC334F7D2BCD3E5B00A97EAB /* Protocols.swift in Sources */ = {isa = PBXBuildFile; fileRef = EC334F7C2BCD3E5B00A97EAB /* Protocols.swift */; };
		EC334F802BCD688E00A97EAB /* LoginView.swift in Sources */ = {isa = PBXBuildFile; fileRef = EC334F7F2BCD688E00A97EAB /* LoginView.swift */; };
		EC334F822BCD69DC00A97EAB /* LoginViewController.swift in Sources */ = {isa = PBXBuildFile; fileRef = EC334F812BCD69DC00A97EAB /* LoginViewController.swift */; };
		EC334F852BCD6C5E00A97EAB /* IQKeyboardManagerSwift in Frameworks */ = {isa = PBXBuildFile; productRef = EC334F842BCD6C5E00A97EAB /* IQKeyboardManagerSwift */; };
		EC334F8B2BCD749200A97EAB /* EmailViewController.swift in Sources */ = {isa = PBXBuildFile; fileRef = EC334F8A2BCD749200A97EAB /* EmailViewController.swift */; };
		EC334F8D2BCD76AD00A97EAB /* EmailView.swift in Sources */ = {isa = PBXBuildFile; fileRef = EC334F8C2BCD76AD00A97EAB /* EmailView.swift */; };
		EC334F8F2BCD776900A97EAB /* CustomTextField.swift in Sources */ = {isa = PBXBuildFile; fileRef = EC334F8E2BCD776900A97EAB /* CustomTextField.swift */; };
		EC334F912BCD788000A97EAB /* PasswordView.swift in Sources */ = {isa = PBXBuildFile; fileRef = EC334F902BCD787F00A97EAB /* PasswordView.swift */; };
		EC334F932BCD788900A97EAB /* PasswordViewController.swift in Sources */ = {isa = PBXBuildFile; fileRef = EC334F922BCD788900A97EAB /* PasswordViewController.swift */; };
		EC334F952BCD78B600A97EAB /* NicknameView.swift in Sources */ = {isa = PBXBuildFile; fileRef = EC334F942BCD78B600A97EAB /* NicknameView.swift */; };
		EC334F972BCD7D8400A97EAB /* NicknameViewController.swift in Sources */ = {isa = PBXBuildFile; fileRef = EC334F962BCD7D8400A97EAB /* NicknameViewController.swift */; };
		EC334F992BCD7F6500A97EAB /* Extension+UIViewController.swift in Sources */ = {isa = PBXBuildFile; fileRef = EC334F982BCD7F6500A97EAB /* Extension+UIViewController.swift */; };
		EC334FB82BCE5AE700A97EAB /* TargetType.swift in Sources */ = {isa = PBXBuildFile; fileRef = EC334FB72BCE5AE700A97EAB /* TargetType.swift */; };
		EC334FBB2BCE5AF900A97EAB /* Alamofire in Frameworks */ = {isa = PBXBuildFile; productRef = EC334FBA2BCE5AF900A97EAB /* Alamofire */; };
		EC334FBE2BCE5D2700A97EAB /* UserRouter.swift in Sources */ = {isa = PBXBuildFile; fileRef = EC334FBD2BCE5D2700A97EAB /* UserRouter.swift */; };
		EC334FC02BCE5F9400A97EAB /* HTTPHeader.swift in Sources */ = {isa = PBXBuildFile; fileRef = EC334FBF2BCE5F9400A97EAB /* HTTPHeader.swift */; };
		EC334FC22BCE628C00A97EAB /* JoinQuery.swift in Sources */ = {isa = PBXBuildFile; fileRef = EC334FC12BCE628C00A97EAB /* JoinQuery.swift */; };
		EC334FC52BCE636E00A97EAB /* Version.swift in Sources */ = {isa = PBXBuildFile; fileRef = EC334FC42BCE636E00A97EAB /* Version.swift */; };
		EC334FC72BCE63D100A97EAB /* EmailValidationQuery.swift in Sources */ = {isa = PBXBuildFile; fileRef = EC334FC62BCE63D100A97EAB /* EmailValidationQuery.swift */; };
		EC334FC92BCE644400A97EAB /* LoginQuery.swift in Sources */ = {isa = PBXBuildFile; fileRef = EC334FC82BCE644400A97EAB /* LoginQuery.swift */; };
		EC334FCB2BCE658C00A97EAB /* NetworkManager.swift in Sources */ = {isa = PBXBuildFile; fileRef = EC334FCA2BCE658C00A97EAB /* NetworkManager.swift */; };
		EC334FD02BCE713E00A97EAB /* JoinModel.swift in Sources */ = {isa = PBXBuildFile; fileRef = EC334FCF2BCE713E00A97EAB /* JoinModel.swift */; };
		EC334FD22BCE8CA900A97EAB /* HTTPError.swift in Sources */ = {isa = PBXBuildFile; fileRef = EC334FD12BCE8CA900A97EAB /* HTTPError.swift */; };
		EC334FD42BCE91B200A97EAB /* LoginViewModel.swift in Sources */ = {isa = PBXBuildFile; fileRef = EC334FD32BCE91B200A97EAB /* LoginViewModel.swift */; };
		EC334FD62BCE93F900A97EAB /* LoginModel.swift in Sources */ = {isa = PBXBuildFile; fileRef = EC334FD52BCE93F900A97EAB /* LoginModel.swift */; };
		EC334FD92BCE957900A97EAB /* UserDefaultsManager.swift in Sources */ = {isa = PBXBuildFile; fileRef = EC334FD82BCE957900A97EAB /* UserDefaultsManager.swift */; };
		EC334FDC2BCE9A2800A97EAB /* Toast in Frameworks */ = {isa = PBXBuildFile; productRef = EC334FDB2BCE9A2800A97EAB /* Toast */; };
/* End PBXBuildFile section */

/* Begin PBXFileReference section */
		EC334F082BC90CBB00A97EAB /* Uyubudan.app */ = {isa = PBXFileReference; explicitFileType = wrapper.application; includeInIndex = 0; path = Uyubudan.app; sourceTree = BUILT_PRODUCTS_DIR; };
		EC334F0B2BC90CBB00A97EAB /* AppDelegate.swift */ = {isa = PBXFileReference; lastKnownFileType = sourcecode.swift; path = AppDelegate.swift; sourceTree = "<group>"; };
		EC334F0D2BC90CBB00A97EAB /* SceneDelegate.swift */ = {isa = PBXFileReference; lastKnownFileType = sourcecode.swift; path = SceneDelegate.swift; sourceTree = "<group>"; };
		EC334F142BC90CBC00A97EAB /* Assets.xcassets */ = {isa = PBXFileReference; lastKnownFileType = folder.assetcatalog; path = Assets.xcassets; sourceTree = "<group>"; };
		EC334F172BC90CBC00A97EAB /* Base */ = {isa = PBXFileReference; lastKnownFileType = file.storyboard; name = Base; path = Base.lproj/LaunchScreen.storyboard; sourceTree = "<group>"; };
		EC334F192BC90CBC00A97EAB /* Info.plist */ = {isa = PBXFileReference; lastKnownFileType = text.plist.xml; path = Info.plist; sourceTree = "<group>"; };
		EC334F1F2BC90CDB00A97EAB /* .gitignore */ = {isa = PBXFileReference; lastKnownFileType = text; path = .gitignore; sourceTree = "<group>"; };
		EC334F212BC90E2800A97EAB /* Environment.swift */ = {isa = PBXFileReference; lastKnownFileType = sourcecode.swift; path = Environment.swift; sourceTree = "<group>"; };
		EC334F2C2BCA7E5200A97EAB /* BaseView.swift */ = {isa = PBXFileReference; lastKnownFileType = sourcecode.swift; path = BaseView.swift; sourceTree = "<group>"; };
		EC334F312BCA7EC500A97EAB /* BaseViewController.swift */ = {isa = PBXFileReference; lastKnownFileType = sourcecode.swift; path = BaseViewController.swift; sourceTree = "<group>"; };
		EC334F392BCA7F3C00A97EAB /* HomeView.swift */ = {isa = PBXFileReference; lastKnownFileType = sourcecode.swift; path = HomeView.swift; sourceTree = "<group>"; };
		EC334F3B2BCA7F4400A97EAB /* HomeViewController.swift */ = {isa = PBXFileReference; lastKnownFileType = sourcecode.swift; path = HomeViewController.swift; sourceTree = "<group>"; };
		EC334F3E2BCBA4B000A97EAB /* Extension+UIView.swift */ = {isa = PBXFileReference; lastKnownFileType = sourcecode.swift; path = "Extension+UIView.swift"; sourceTree = "<group>"; };
		EC334F402BCBA59400A97EAB /* PostCollectionViewCell.swift */ = {isa = PBXFileReference; lastKnownFileType = sourcecode.swift; path = PostCollectionViewCell.swift; sourceTree = "<group>"; };
		EC334F422BCBA5A800A97EAB /* BaseCollectionViewCell.swift */ = {isa = PBXFileReference; lastKnownFileType = sourcecode.swift; path = BaseCollectionViewCell.swift; sourceTree = "<group>"; };
		EC334F452BCC009A00A97EAB /* ProfileImageView.swift */ = {isa = PBXFileReference; lastKnownFileType = sourcecode.swift; path = ProfileImageView.swift; sourceTree = "<group>"; };
		EC334F732BCD10E600A97EAB /* JoinView.swift */ = {isa = PBXFileReference; lastKnownFileType = sourcecode.swift; name = JoinView.swift; path = Uyubudan/Onboarding/JoinView.swift; sourceTree = SOURCE_ROOT; };
		EC334F752BCD110500A97EAB /* JoinViewController.swift */ = {isa = PBXFileReference; lastKnownFileType = sourcecode.swift; path = JoinViewController.swift; sourceTree = "<group>"; };
		EC334F772BCD38C300A97EAB /* PrimaryColorButton.swift */ = {isa = PBXFileReference; lastKnownFileType = sourcecode.swift; path = PrimaryColorButton.swift; sourceTree = "<group>"; };
		EC334F7C2BCD3E5B00A97EAB /* Protocols.swift */ = {isa = PBXFileReference; lastKnownFileType = sourcecode.swift; path = Protocols.swift; sourceTree = "<group>"; };
		EC334F7F2BCD688E00A97EAB /* LoginView.swift */ = {isa = PBXFileReference; lastKnownFileType = sourcecode.swift; path = LoginView.swift; sourceTree = "<group>"; };
		EC334F812BCD69DC00A97EAB /* LoginViewController.swift */ = {isa = PBXFileReference; lastKnownFileType = sourcecode.swift; path = LoginViewController.swift; sourceTree = "<group>"; };
		EC334F8A2BCD749200A97EAB /* EmailViewController.swift */ = {isa = PBXFileReference; lastKnownFileType = sourcecode.swift; path = EmailViewController.swift; sourceTree = "<group>"; };
		EC334F8C2BCD76AD00A97EAB /* EmailView.swift */ = {isa = PBXFileReference; lastKnownFileType = sourcecode.swift; path = EmailView.swift; sourceTree = "<group>"; };
		EC334F8E2BCD776900A97EAB /* CustomTextField.swift */ = {isa = PBXFileReference; lastKnownFileType = sourcecode.swift; path = CustomTextField.swift; sourceTree = "<group>"; };
		EC334F902BCD787F00A97EAB /* PasswordView.swift */ = {isa = PBXFileReference; lastKnownFileType = sourcecode.swift; path = PasswordView.swift; sourceTree = "<group>"; };
		EC334F922BCD788900A97EAB /* PasswordViewController.swift */ = {isa = PBXFileReference; lastKnownFileType = sourcecode.swift; path = PasswordViewController.swift; sourceTree = "<group>"; };
		EC334F942BCD78B600A97EAB /* NicknameView.swift */ = {isa = PBXFileReference; lastKnownFileType = sourcecode.swift; path = NicknameView.swift; sourceTree = "<group>"; };
		EC334F962BCD7D8400A97EAB /* NicknameViewController.swift */ = {isa = PBXFileReference; lastKnownFileType = sourcecode.swift; path = NicknameViewController.swift; sourceTree = "<group>"; };
		EC334F982BCD7F6500A97EAB /* Extension+UIViewController.swift */ = {isa = PBXFileReference; lastKnownFileType = sourcecode.swift; path = "Extension+UIViewController.swift"; sourceTree = "<group>"; };
		EC334FB72BCE5AE700A97EAB /* TargetType.swift */ = {isa = PBXFileReference; lastKnownFileType = sourcecode.swift; path = TargetType.swift; sourceTree = "<group>"; };
		EC334FBD2BCE5D2700A97EAB /* UserRouter.swift */ = {isa = PBXFileReference; lastKnownFileType = sourcecode.swift; path = UserRouter.swift; sourceTree = "<group>"; };
		EC334FBF2BCE5F9400A97EAB /* HTTPHeader.swift */ = {isa = PBXFileReference; lastKnownFileType = sourcecode.swift; path = HTTPHeader.swift; sourceTree = "<group>"; };
		EC334FC12BCE628C00A97EAB /* JoinQuery.swift */ = {isa = PBXFileReference; lastKnownFileType = sourcecode.swift; path = JoinQuery.swift; sourceTree = "<group>"; };
		EC334FC42BCE636E00A97EAB /* Version.swift */ = {isa = PBXFileReference; lastKnownFileType = sourcecode.swift; path = Version.swift; sourceTree = "<group>"; };
		EC334FC62BCE63D100A97EAB /* EmailValidationQuery.swift */ = {isa = PBXFileReference; lastKnownFileType = sourcecode.swift; path = EmailValidationQuery.swift; sourceTree = "<group>"; };
		EC334FC82BCE644400A97EAB /* LoginQuery.swift */ = {isa = PBXFileReference; lastKnownFileType = sourcecode.swift; path = LoginQuery.swift; sourceTree = "<group>"; };
		EC334FCA2BCE658C00A97EAB /* NetworkManager.swift */ = {isa = PBXFileReference; lastKnownFileType = sourcecode.swift; path = NetworkManager.swift; sourceTree = "<group>"; };
		EC334FCF2BCE713E00A97EAB /* JoinModel.swift */ = {isa = PBXFileReference; lastKnownFileType = sourcecode.swift; path = JoinModel.swift; sourceTree = "<group>"; };
		EC334FD12BCE8CA900A97EAB /* HTTPError.swift */ = {isa = PBXFileReference; lastKnownFileType = sourcecode.swift; path = HTTPError.swift; sourceTree = "<group>"; };
		EC334FD32BCE91B200A97EAB /* LoginViewModel.swift */ = {isa = PBXFileReference; lastKnownFileType = sourcecode.swift; path = LoginViewModel.swift; sourceTree = "<group>"; };
		EC334FD52BCE93F900A97EAB /* LoginModel.swift */ = {isa = PBXFileReference; lastKnownFileType = sourcecode.swift; path = LoginModel.swift; sourceTree = "<group>"; };
		EC334FD82BCE957900A97EAB /* UserDefaultsManager.swift */ = {isa = PBXFileReference; lastKnownFileType = sourcecode.swift; path = UserDefaultsManager.swift; sourceTree = "<group>"; };
/* End PBXFileReference section */

/* Begin PBXFrameworksBuildPhase section */
		EC334F052BC90CBB00A97EAB /* Frameworks */ = {
			isa = PBXFrameworksBuildPhase;
			buildActionMask = 2147483647;
			files = (
				EC334FDC2BCE9A2800A97EAB /* Toast in Frameworks */,
				EC334FBB2BCE5AF900A97EAB /* Alamofire in Frameworks */,
				EC334F372BCA7F0200A97EAB /* RxSwift in Frameworks */,
				EC334F852BCD6C5E00A97EAB /* IQKeyboardManagerSwift in Frameworks */,
				EC334F352BCA7F0200A97EAB /* RxCocoa in Frameworks */,
				EC334F302BCA7E6600A97EAB /* SnapKit in Frameworks */,
			);
			runOnlyForDeploymentPostprocessing = 0;
		};
/* End PBXFrameworksBuildPhase section */

/* Begin PBXGroup section */
		EC334EFF2BC90CBB00A97EAB = {
			isa = PBXGroup;
			children = (
				EC334F1F2BC90CDB00A97EAB /* .gitignore */,
				EC334F0A2BC90CBB00A97EAB /* Uyubudan */,
				EC334F092BC90CBB00A97EAB /* Products */,
			);
			sourceTree = "<group>";
		};
		EC334F092BC90CBB00A97EAB /* Products */ = {
			isa = PBXGroup;
			children = (
				EC334F082BC90CBB00A97EAB /* Uyubudan.app */,
			);
			name = Products;
			sourceTree = "<group>";
		};
		EC334F0A2BC90CBB00A97EAB /* Uyubudan */ = {
			isa = PBXGroup;
			children = (
				EC334F212BC90E2800A97EAB /* Environment.swift */,
				EC334F7B2BCD3E4900A97EAB /* Protocols */,
				EC334F3D2BCBA4A100A97EAB /* Extensions */,
				EC334FB62BCE5A2B00A97EAB /* Network */,
				EC334FD72BCE956500A97EAB /* UserDefaults */,
				EC334F2B2BCA7E4900A97EAB /* Base */,
				EC334F442BCC008900A97EAB /* Custom */,
				EC334F712BCD10AA00A97EAB /* User */,
				EC334F382BCA7F2D00A97EAB /* Home */,
				EC334F0B2BC90CBB00A97EAB /* AppDelegate.swift */,
				EC334F0D2BC90CBB00A97EAB /* SceneDelegate.swift */,
				EC334F142BC90CBC00A97EAB /* Assets.xcassets */,
				EC334F162BC90CBC00A97EAB /* LaunchScreen.storyboard */,
				EC334F192BC90CBC00A97EAB /* Info.plist */,
			);
			path = Uyubudan;
			sourceTree = "<group>";
		};
		EC334F2B2BCA7E4900A97EAB /* Base */ = {
			isa = PBXGroup;
			children = (
				EC334F2C2BCA7E5200A97EAB /* BaseView.swift */,
				EC334F312BCA7EC500A97EAB /* BaseViewController.swift */,
				EC334F422BCBA5A800A97EAB /* BaseCollectionViewCell.swift */,
			);
			path = Base;
			sourceTree = "<group>";
		};
		EC334F382BCA7F2D00A97EAB /* Home */ = {
			isa = PBXGroup;
			children = (
				EC334F392BCA7F3C00A97EAB /* HomeView.swift */,
				EC334F3B2BCA7F4400A97EAB /* HomeViewController.swift */,
				EC334F402BCBA59400A97EAB /* PostCollectionViewCell.swift */,
			);
			path = Home;
			sourceTree = "<group>";
		};
		EC334F3D2BCBA4A100A97EAB /* Extensions */ = {
			isa = PBXGroup;
			children = (
				EC334F3E2BCBA4B000A97EAB /* Extension+UIView.swift */,
				EC334F982BCD7F6500A97EAB /* Extension+UIViewController.swift */,
			);
			path = Extensions;
			sourceTree = "<group>";
		};
		EC334F442BCC008900A97EAB /* Custom */ = {
			isa = PBXGroup;
			children = (
				EC334F452BCC009A00A97EAB /* ProfileImageView.swift */,
				EC334F772BCD38C300A97EAB /* PrimaryColorButton.swift */,
				EC334F8E2BCD776900A97EAB /* CustomTextField.swift */,
			);
			path = Custom;
			sourceTree = "<group>";
		};
		EC334F712BCD10AA00A97EAB /* User */ = {
			isa = PBXGroup;
			children = (
				EC334F7E2BCD688300A97EAB /* Login */,
				EC334F722BCD10DD00A97EAB /* Join */,
			);
			path = User;
			sourceTree = "<group>";
		};
		EC334F722BCD10DD00A97EAB /* Join */ = {
			isa = PBXGroup;
			children = (
				EC334F732BCD10E600A97EAB /* JoinView.swift */,
				EC334F752BCD110500A97EAB /* JoinViewController.swift */,
				EC334F862BCD6FD400A97EAB /* Email */,
				EC334F872BCD6FDA00A97EAB /* Password */,
				EC334F882BCD6FE400A97EAB /* Nickname */,
			);
			path = Join;
			sourceTree = "<group>";
		};
		EC334F7B2BCD3E4900A97EAB /* Protocols */ = {
			isa = PBXGroup;
			children = (
				EC334F7C2BCD3E5B00A97EAB /* Protocols.swift */,
			);
			path = Protocols;
			sourceTree = "<group>";
		};
		EC334F7E2BCD688300A97EAB /* Login */ = {
			isa = PBXGroup;
			children = (
				EC334F7F2BCD688E00A97EAB /* LoginView.swift */,
				EC334F812BCD69DC00A97EAB /* LoginViewController.swift */,
				EC334FD32BCE91B200A97EAB /* LoginViewModel.swift */,
			);
			path = Login;
			sourceTree = "<group>";
		};
		EC334F862BCD6FD400A97EAB /* Email */ = {
			isa = PBXGroup;
			children = (
				EC334F8C2BCD76AD00A97EAB /* EmailView.swift */,
				EC334F8A2BCD749200A97EAB /* EmailViewController.swift */,
			);
			path = Email;
			sourceTree = "<group>";
		};
		EC334F872BCD6FDA00A97EAB /* Password */ = {
			isa = PBXGroup;
			children = (
				EC334F902BCD787F00A97EAB /* PasswordView.swift */,
				EC334F922BCD788900A97EAB /* PasswordViewController.swift */,
			);
			path = Password;
			sourceTree = "<group>";
		};
		EC334F882BCD6FE400A97EAB /* Nickname */ = {
			isa = PBXGroup;
			children = (
				EC334F942BCD78B600A97EAB /* NicknameView.swift */,
				EC334F962BCD7D8400A97EAB /* NicknameViewController.swift */,
			);
			path = Nickname;
			sourceTree = "<group>";
		};
		EC334FB62BCE5A2B00A97EAB /* Network */ = {
			isa = PBXGroup;
			children = (
				EC334FB72BCE5AE700A97EAB /* TargetType.swift */,
				EC334FBF2BCE5F9400A97EAB /* HTTPHeader.swift */,
				EC334FC42BCE636E00A97EAB /* Version.swift */,
				EC334FCA2BCE658C00A97EAB /* NetworkManager.swift */,
				EC334FD12BCE8CA900A97EAB /* HTTPError.swift */,
				EC334FBC2BCE5D1C00A97EAB /* User */,
			);
			path = Network;
			sourceTree = "<group>";
		};
		EC334FBC2BCE5D1C00A97EAB /* User */ = {
			isa = PBXGroup;
			children = (
				EC334FBD2BCE5D2700A97EAB /* UserRouter.swift */,
				EC334FC32BCE62B500A97EAB /* Query */,
				EC334FCE2BCE6F5500A97EAB /* Model */,
			);
			path = User;
			sourceTree = "<group>";
		};
		EC334FC32BCE62B500A97EAB /* Query */ = {
			isa = PBXGroup;
			children = (
				EC334FC12BCE628C00A97EAB /* JoinQuery.swift */,
				EC334FC62BCE63D100A97EAB /* EmailValidationQuery.swift */,
				EC334FC82BCE644400A97EAB /* LoginQuery.swift */,
			);
			path = Query;
			sourceTree = "<group>";
		};
		EC334FCE2BCE6F5500A97EAB /* Model */ = {
			isa = PBXGroup;
			children = (
				EC334FCF2BCE713E00A97EAB /* JoinModel.swift */,
				EC334FD52BCE93F900A97EAB /* LoginModel.swift */,
			);
			path = Model;
			sourceTree = "<group>";
		};
		EC334FD72BCE956500A97EAB /* UserDefaults */ = {
			isa = PBXGroup;
			children = (
				EC334FD82BCE957900A97EAB /* UserDefaultsManager.swift */,
			);
			path = UserDefaults;
			sourceTree = "<group>";
		};
/* End PBXGroup section */

/* Begin PBXNativeTarget section */
		EC334F072BC90CBB00A97EAB /* Uyubudan */ = {
			isa = PBXNativeTarget;
			buildConfigurationList = EC334F1C2BC90CBC00A97EAB /* Build configuration list for PBXNativeTarget "Uyubudan" */;
			buildPhases = (
				EC334F042BC90CBB00A97EAB /* Sources */,
				EC334F052BC90CBB00A97EAB /* Frameworks */,
				EC334F062BC90CBB00A97EAB /* Resources */,
			);
			buildRules = (
			);
			dependencies = (
			);
			name = Uyubudan;
			packageProductDependencies = (
				EC334F2F2BCA7E6500A97EAB /* SnapKit */,
				EC334F342BCA7F0200A97EAB /* RxCocoa */,
				EC334F362BCA7F0200A97EAB /* RxSwift */,
				EC334F842BCD6C5E00A97EAB /* IQKeyboardManagerSwift */,
				EC334FBA2BCE5AF900A97EAB /* Alamofire */,
				EC334FDB2BCE9A2800A97EAB /* Toast */,
			);
			productName = Uyubudan;
			productReference = EC334F082BC90CBB00A97EAB /* Uyubudan.app */;
			productType = "com.apple.product-type.application";
		};
/* End PBXNativeTarget section */

/* Begin PBXProject section */
		EC334F002BC90CBB00A97EAB /* Project object */ = {
			isa = PBXProject;
			attributes = {
				BuildIndependentTargetsInParallel = 1;
				LastSwiftUpdateCheck = 1530;
				LastUpgradeCheck = 1530;
				TargetAttributes = {
					EC334F072BC90CBB00A97EAB = {
						CreatedOnToolsVersion = 15.3;
					};
				};
			};
			buildConfigurationList = EC334F032BC90CBB00A97EAB /* Build configuration list for PBXProject "Uyubudan" */;
			compatibilityVersion = "Xcode 14.0";
			developmentRegion = en;
			hasScannedForEncodings = 0;
			knownRegions = (
				en,
				Base,
			);
			mainGroup = EC334EFF2BC90CBB00A97EAB;
			packageReferences = (
				EC334F2E2BCA7E6500A97EAB /* XCRemoteSwiftPackageReference "SnapKit" */,
				EC334F332BCA7F0200A97EAB /* XCRemoteSwiftPackageReference "RxSwift" */,
				EC334F832BCD6C5E00A97EAB /* XCRemoteSwiftPackageReference "IQKeyboardManager" */,
				EC334FB92BCE5AF900A97EAB /* XCRemoteSwiftPackageReference "Alamofire" */,
				EC334FDA2BCE9A2800A97EAB /* XCRemoteSwiftPackageReference "Toast-Swift" */,
			);
			productRefGroup = EC334F092BC90CBB00A97EAB /* Products */;
			projectDirPath = "";
			projectRoot = "";
			targets = (
				EC334F072BC90CBB00A97EAB /* Uyubudan */,
			);
		};
/* End PBXProject section */

/* Begin PBXResourcesBuildPhase section */
		EC334F062BC90CBB00A97EAB /* Resources */ = {
			isa = PBXResourcesBuildPhase;
			buildActionMask = 2147483647;
			files = (
				EC334F202BC90CDB00A97EAB /* .gitignore in Resources */,
				EC334F152BC90CBC00A97EAB /* Assets.xcassets in Resources */,
				EC334F182BC90CBC00A97EAB /* Base in Resources */,
			);
			runOnlyForDeploymentPostprocessing = 0;
		};
/* End PBXResourcesBuildPhase section */

/* Begin PBXSourcesBuildPhase section */
		EC334F042BC90CBB00A97EAB /* Sources */ = {
			isa = PBXSourcesBuildPhase;
			buildActionMask = 2147483647;
			files = (
				EC334F822BCD69DC00A97EAB /* LoginViewController.swift in Sources */,
				EC334FD02BCE713E00A97EAB /* JoinModel.swift in Sources */,
				EC334F912BCD788000A97EAB /* PasswordView.swift in Sources */,
				EC334FB82BCE5AE700A97EAB /* TargetType.swift in Sources */,
				EC334F322BCA7EC500A97EAB /* BaseViewController.swift in Sources */,
				EC334F782BCD38C300A97EAB /* PrimaryColorButton.swift in Sources */,
				EC334F7D2BCD3E5B00A97EAB /* Protocols.swift in Sources */,
				EC334F222BC90E2800A97EAB /* Environment.swift in Sources */,
				EC334FD42BCE91B200A97EAB /* LoginViewModel.swift in Sources */,
				EC334F952BCD78B600A97EAB /* NicknameView.swift in Sources */,
				EC334FC72BCE63D100A97EAB /* EmailValidationQuery.swift in Sources */,
				EC334F3F2BCBA4B000A97EAB /* Extension+UIView.swift in Sources */,
				EC334F992BCD7F6500A97EAB /* Extension+UIViewController.swift in Sources */,
				EC334F0C2BC90CBB00A97EAB /* AppDelegate.swift in Sources */,
				EC334F3A2BCA7F3C00A97EAB /* HomeView.swift in Sources */,
				EC334FC02BCE5F9400A97EAB /* HTTPHeader.swift in Sources */,
				EC334F972BCD7D8400A97EAB /* NicknameViewController.swift in Sources */,
				EC334FCB2BCE658C00A97EAB /* NetworkManager.swift in Sources */,
				EC334F8D2BCD76AD00A97EAB /* EmailView.swift in Sources */,
				EC334FC22BCE628C00A97EAB /* JoinQuery.swift in Sources */,
				EC334FC52BCE636E00A97EAB /* Version.swift in Sources */,
				EC334F462BCC009A00A97EAB /* ProfileImageView.swift in Sources */,
				EC334F432BCBA5A800A97EAB /* BaseCollectionViewCell.swift in Sources */,
				EC334F802BCD688E00A97EAB /* LoginView.swift in Sources */,
				EC334FD92BCE957900A97EAB /* UserDefaultsManager.swift in Sources */,
				EC334F0E2BC90CBB00A97EAB /* SceneDelegate.swift in Sources */,
				EC334F8F2BCD776900A97EAB /* CustomTextField.swift in Sources */,
				EC334F8B2BCD749200A97EAB /* EmailViewController.swift in Sources */,
				EC334F742BCD10E600A97EAB /* JoinView.swift in Sources */,
				EC334FD22BCE8CA900A97EAB /* HTTPError.swift in Sources */,
				EC334F932BCD788900A97EAB /* PasswordViewController.swift in Sources */,
				EC334FC92BCE644400A97EAB /* LoginQuery.swift in Sources */,
				EC334FBE2BCE5D2700A97EAB /* UserRouter.swift in Sources */,
				EC334FD62BCE93F900A97EAB /* LoginModel.swift in Sources */,
				EC334F3C2BCA7F4400A97EAB /* HomeViewController.swift in Sources */,
				EC334F2D2BCA7E5200A97EAB /* BaseView.swift in Sources */,
				EC334F412BCBA59400A97EAB /* PostCollectionViewCell.swift in Sources */,
				EC334F762BCD110500A97EAB /* JoinViewController.swift in Sources */,
			);
			runOnlyForDeploymentPostprocessing = 0;
		};
/* End PBXSourcesBuildPhase section */

/* Begin PBXVariantGroup section */
		EC334F162BC90CBC00A97EAB /* LaunchScreen.storyboard */ = {
			isa = PBXVariantGroup;
			children = (
				EC334F172BC90CBC00A97EAB /* Base */,
			);
			name = LaunchScreen.storyboard;
			sourceTree = "<group>";
		};
/* End PBXVariantGroup section */

/* Begin XCBuildConfiguration section */
		EC334F1A2BC90CBC00A97EAB /* Debug */ = {
			isa = XCBuildConfiguration;
			buildSettings = {
				ALWAYS_SEARCH_USER_PATHS = NO;
				ASSETCATALOG_COMPILER_GENERATE_SWIFT_ASSET_SYMBOL_EXTENSIONS = YES;
				CLANG_ANALYZER_NONNULL = YES;
				CLANG_ANALYZER_NUMBER_OBJECT_CONVERSION = YES_AGGRESSIVE;
				CLANG_CXX_LANGUAGE_STANDARD = "gnu++20";
				CLANG_ENABLE_MODULES = YES;
				CLANG_ENABLE_OBJC_ARC = YES;
				CLANG_ENABLE_OBJC_WEAK = YES;
				CLANG_WARN_BLOCK_CAPTURE_AUTORELEASING = YES;
				CLANG_WARN_BOOL_CONVERSION = YES;
				CLANG_WARN_COMMA = YES;
				CLANG_WARN_CONSTANT_CONVERSION = YES;
				CLANG_WARN_DEPRECATED_OBJC_IMPLEMENTATIONS = YES;
				CLANG_WARN_DIRECT_OBJC_ISA_USAGE = YES_ERROR;
				CLANG_WARN_DOCUMENTATION_COMMENTS = YES;
				CLANG_WARN_EMPTY_BODY = YES;
				CLANG_WARN_ENUM_CONVERSION = YES;
				CLANG_WARN_INFINITE_RECURSION = YES;
				CLANG_WARN_INT_CONVERSION = YES;
				CLANG_WARN_NON_LITERAL_NULL_CONVERSION = YES;
				CLANG_WARN_OBJC_IMPLICIT_RETAIN_SELF = YES;
				CLANG_WARN_OBJC_LITERAL_CONVERSION = YES;
				CLANG_WARN_OBJC_ROOT_CLASS = YES_ERROR;
				CLANG_WARN_QUOTED_INCLUDE_IN_FRAMEWORK_HEADER = YES;
				CLANG_WARN_RANGE_LOOP_ANALYSIS = YES;
				CLANG_WARN_STRICT_PROTOTYPES = YES;
				CLANG_WARN_SUSPICIOUS_MOVE = YES;
				CLANG_WARN_UNGUARDED_AVAILABILITY = YES_AGGRESSIVE;
				CLANG_WARN_UNREACHABLE_CODE = YES;
				CLANG_WARN__DUPLICATE_METHOD_MATCH = YES;
				COPY_PHASE_STRIP = NO;
				DEBUG_INFORMATION_FORMAT = dwarf;
				ENABLE_STRICT_OBJC_MSGSEND = YES;
				ENABLE_TESTABILITY = YES;
				ENABLE_USER_SCRIPT_SANDBOXING = YES;
				GCC_C_LANGUAGE_STANDARD = gnu17;
				GCC_DYNAMIC_NO_PIC = NO;
				GCC_NO_COMMON_BLOCKS = YES;
				GCC_OPTIMIZATION_LEVEL = 0;
				GCC_PREPROCESSOR_DEFINITIONS = (
					"DEBUG=1",
					"$(inherited)",
				);
				GCC_WARN_64_TO_32_BIT_CONVERSION = YES;
				GCC_WARN_ABOUT_RETURN_TYPE = YES_ERROR;
				GCC_WARN_UNDECLARED_SELECTOR = YES;
				GCC_WARN_UNINITIALIZED_AUTOS = YES_AGGRESSIVE;
				GCC_WARN_UNUSED_FUNCTION = YES;
				GCC_WARN_UNUSED_VARIABLE = YES;
				IPHONEOS_DEPLOYMENT_TARGET = 17.4;
				LOCALIZATION_PREFERS_STRING_CATALOGS = YES;
				MTL_ENABLE_DEBUG_INFO = INCLUDE_SOURCE;
				MTL_FAST_MATH = YES;
				ONLY_ACTIVE_ARCH = YES;
				SDKROOT = iphoneos;
				SWIFT_ACTIVE_COMPILATION_CONDITIONS = "DEBUG $(inherited)";
				SWIFT_OPTIMIZATION_LEVEL = "-Onone";
			};
			name = Debug;
		};
		EC334F1B2BC90CBC00A97EAB /* Release */ = {
			isa = XCBuildConfiguration;
			buildSettings = {
				ALWAYS_SEARCH_USER_PATHS = NO;
				ASSETCATALOG_COMPILER_GENERATE_SWIFT_ASSET_SYMBOL_EXTENSIONS = YES;
				CLANG_ANALYZER_NONNULL = YES;
				CLANG_ANALYZER_NUMBER_OBJECT_CONVERSION = YES_AGGRESSIVE;
				CLANG_CXX_LANGUAGE_STANDARD = "gnu++20";
				CLANG_ENABLE_MODULES = YES;
				CLANG_ENABLE_OBJC_ARC = YES;
				CLANG_ENABLE_OBJC_WEAK = YES;
				CLANG_WARN_BLOCK_CAPTURE_AUTORELEASING = YES;
				CLANG_WARN_BOOL_CONVERSION = YES;
				CLANG_WARN_COMMA = YES;
				CLANG_WARN_CONSTANT_CONVERSION = YES;
				CLANG_WARN_DEPRECATED_OBJC_IMPLEMENTATIONS = YES;
				CLANG_WARN_DIRECT_OBJC_ISA_USAGE = YES_ERROR;
				CLANG_WARN_DOCUMENTATION_COMMENTS = YES;
				CLANG_WARN_EMPTY_BODY = YES;
				CLANG_WARN_ENUM_CONVERSION = YES;
				CLANG_WARN_INFINITE_RECURSION = YES;
				CLANG_WARN_INT_CONVERSION = YES;
				CLANG_WARN_NON_LITERAL_NULL_CONVERSION = YES;
				CLANG_WARN_OBJC_IMPLICIT_RETAIN_SELF = YES;
				CLANG_WARN_OBJC_LITERAL_CONVERSION = YES;
				CLANG_WARN_OBJC_ROOT_CLASS = YES_ERROR;
				CLANG_WARN_QUOTED_INCLUDE_IN_FRAMEWORK_HEADER = YES;
				CLANG_WARN_RANGE_LOOP_ANALYSIS = YES;
				CLANG_WARN_STRICT_PROTOTYPES = YES;
				CLANG_WARN_SUSPICIOUS_MOVE = YES;
				CLANG_WARN_UNGUARDED_AVAILABILITY = YES_AGGRESSIVE;
				CLANG_WARN_UNREACHABLE_CODE = YES;
				CLANG_WARN__DUPLICATE_METHOD_MATCH = YES;
				COPY_PHASE_STRIP = NO;
				DEBUG_INFORMATION_FORMAT = "dwarf-with-dsym";
				ENABLE_NS_ASSERTIONS = NO;
				ENABLE_STRICT_OBJC_MSGSEND = YES;
				ENABLE_USER_SCRIPT_SANDBOXING = YES;
				GCC_C_LANGUAGE_STANDARD = gnu17;
				GCC_NO_COMMON_BLOCKS = YES;
				GCC_WARN_64_TO_32_BIT_CONVERSION = YES;
				GCC_WARN_ABOUT_RETURN_TYPE = YES_ERROR;
				GCC_WARN_UNDECLARED_SELECTOR = YES;
				GCC_WARN_UNINITIALIZED_AUTOS = YES_AGGRESSIVE;
				GCC_WARN_UNUSED_FUNCTION = YES;
				GCC_WARN_UNUSED_VARIABLE = YES;
				IPHONEOS_DEPLOYMENT_TARGET = 17.4;
				LOCALIZATION_PREFERS_STRING_CATALOGS = YES;
				MTL_ENABLE_DEBUG_INFO = NO;
				MTL_FAST_MATH = YES;
				SDKROOT = iphoneos;
				SWIFT_COMPILATION_MODE = wholemodule;
				VALIDATE_PRODUCT = YES;
			};
			name = Release;
		};
		EC334F1D2BC90CBC00A97EAB /* Debug */ = {
			isa = XCBuildConfiguration;
			buildSettings = {
				ASSETCATALOG_COMPILER_APPICON_NAME = AppIcon;
				ASSETCATALOG_COMPILER_GLOBAL_ACCENT_COLOR_NAME = AccentColor;
				CODE_SIGN_STYLE = Automatic;
				CURRENT_PROJECT_VERSION = 1;
				GENERATE_INFOPLIST_FILE = YES;
				INFOPLIST_FILE = Uyubudan/Info.plist;
				INFOPLIST_KEY_UIApplicationSupportsIndirectInputEvents = YES;
				INFOPLIST_KEY_UILaunchStoryboardName = LaunchScreen;
				INFOPLIST_KEY_UIMainStoryboardFile = "";
				INFOPLIST_KEY_UISupportedInterfaceOrientations = UIInterfaceOrientationPortrait;
				INFOPLIST_KEY_UISupportedInterfaceOrientations_iPad = "UIInterfaceOrientationLandscapeLeft UIInterfaceOrientationLandscapeRight UIInterfaceOrientationPortrait UIInterfaceOrientationPortraitUpsideDown";
				IPHONEOS_DEPLOYMENT_TARGET = 16.0;
				LD_RUNPATH_SEARCH_PATHS = (
					"$(inherited)",
					"@executable_path/Frameworks",
				);
				MARKETING_VERSION = 1.0;
				PRODUCT_BUNDLE_IDENTIFIER = com.olraedev.Uyubudan;
				PRODUCT_NAME = "$(TARGET_NAME)";
				SUPPORTED_PLATFORMS = "iphoneos iphonesimulator";
				SUPPORTS_MACCATALYST = NO;
				SUPPORTS_MAC_DESIGNED_FOR_IPHONE_IPAD = NO;
				SUPPORTS_XR_DESIGNED_FOR_IPHONE_IPAD = NO;
				SWIFT_EMIT_LOC_STRINGS = YES;
				SWIFT_VERSION = 5.0;
				TARGETED_DEVICE_FAMILY = 1;
			};
			name = Debug;
		};
		EC334F1E2BC90CBC00A97EAB /* Release */ = {
			isa = XCBuildConfiguration;
			buildSettings = {
				ASSETCATALOG_COMPILER_APPICON_NAME = AppIcon;
				ASSETCATALOG_COMPILER_GLOBAL_ACCENT_COLOR_NAME = AccentColor;
				CODE_SIGN_STYLE = Automatic;
				CURRENT_PROJECT_VERSION = 1;
				GENERATE_INFOPLIST_FILE = YES;
				INFOPLIST_FILE = Uyubudan/Info.plist;
				INFOPLIST_KEY_UIApplicationSupportsIndirectInputEvents = YES;
				INFOPLIST_KEY_UILaunchStoryboardName = LaunchScreen;
				INFOPLIST_KEY_UIMainStoryboardFile = "";
				INFOPLIST_KEY_UISupportedInterfaceOrientations = UIInterfaceOrientationPortrait;
				INFOPLIST_KEY_UISupportedInterfaceOrientations_iPad = "UIInterfaceOrientationLandscapeLeft UIInterfaceOrientationLandscapeRight UIInterfaceOrientationPortrait UIInterfaceOrientationPortraitUpsideDown";
				IPHONEOS_DEPLOYMENT_TARGET = 16.0;
				LD_RUNPATH_SEARCH_PATHS = (
					"$(inherited)",
					"@executable_path/Frameworks",
				);
				MARKETING_VERSION = 1.0;
				PRODUCT_BUNDLE_IDENTIFIER = com.olraedev.Uyubudan;
				PRODUCT_NAME = "$(TARGET_NAME)";
				SUPPORTED_PLATFORMS = "iphoneos iphonesimulator";
				SUPPORTS_MACCATALYST = NO;
				SUPPORTS_MAC_DESIGNED_FOR_IPHONE_IPAD = NO;
				SUPPORTS_XR_DESIGNED_FOR_IPHONE_IPAD = NO;
				SWIFT_EMIT_LOC_STRINGS = YES;
				SWIFT_VERSION = 5.0;
				TARGETED_DEVICE_FAMILY = 1;
			};
			name = Release;
		};
/* End XCBuildConfiguration section */

/* Begin XCConfigurationList section */
		EC334F032BC90CBB00A97EAB /* Build configuration list for PBXProject "Uyubudan" */ = {
			isa = XCConfigurationList;
			buildConfigurations = (
				EC334F1A2BC90CBC00A97EAB /* Debug */,
				EC334F1B2BC90CBC00A97EAB /* Release */,
			);
			defaultConfigurationIsVisible = 0;
			defaultConfigurationName = Release;
		};
		EC334F1C2BC90CBC00A97EAB /* Build configuration list for PBXNativeTarget "Uyubudan" */ = {
			isa = XCConfigurationList;
			buildConfigurations = (
				EC334F1D2BC90CBC00A97EAB /* Debug */,
				EC334F1E2BC90CBC00A97EAB /* Release */,
			);
			defaultConfigurationIsVisible = 0;
			defaultConfigurationName = Release;
		};
/* End XCConfigurationList section */

/* Begin XCRemoteSwiftPackageReference section */
		EC334F2E2BCA7E6500A97EAB /* XCRemoteSwiftPackageReference "SnapKit" */ = {
			isa = XCRemoteSwiftPackageReference;
			repositoryURL = "https://github.com/SnapKit/SnapKit.git";
			requirement = {
				kind = upToNextMajorVersion;
				minimumVersion = 5.7.1;
			};
		};
		EC334F332BCA7F0200A97EAB /* XCRemoteSwiftPackageReference "RxSwift" */ = {
			isa = XCRemoteSwiftPackageReference;
			repositoryURL = "https://github.com/ReactiveX/RxSwift.git";
			requirement = {
				kind = upToNextMajorVersion;
				minimumVersion = 6.6.0;
			};
		};
		EC334F832BCD6C5E00A97EAB /* XCRemoteSwiftPackageReference "IQKeyboardManager" */ = {
			isa = XCRemoteSwiftPackageReference;
			repositoryURL = "https://github.com/hackiftekhar/IQKeyboardManager.git";
			requirement = {
				kind = upToNextMajorVersion;
				minimumVersion = 7.0.2;
			};
		};
		EC334FB92BCE5AF900A97EAB /* XCRemoteSwiftPackageReference "Alamofire" */ = {
			isa = XCRemoteSwiftPackageReference;
			repositoryURL = "https://github.com/Alamofire/Alamofire.git";
			requirement = {
				kind = upToNextMajorVersion;
				minimumVersion = 5.9.1;
			};
		};
		EC334FDA2BCE9A2800A97EAB /* XCRemoteSwiftPackageReference "Toast-Swift" */ = {
			isa = XCRemoteSwiftPackageReference;
			repositoryURL = "https://github.com/scalessec/Toast-Swift.git";
			requirement = {
				kind = upToNextMajorVersion;
				minimumVersion = 5.1.1;
			};
		};
/* End XCRemoteSwiftPackageReference section */

/* Begin XCSwiftPackageProductDependency section */
		EC334F2F2BCA7E6500A97EAB /* SnapKit */ = {
			isa = XCSwiftPackageProductDependency;
			package = EC334F2E2BCA7E6500A97EAB /* XCRemoteSwiftPackageReference "SnapKit" */;
			productName = SnapKit;
		};
		EC334F342BCA7F0200A97EAB /* RxCocoa */ = {
			isa = XCSwiftPackageProductDependency;
			package = EC334F332BCA7F0200A97EAB /* XCRemoteSwiftPackageReference "RxSwift" */;
			productName = RxCocoa;
		};
		EC334F362BCA7F0200A97EAB /* RxSwift */ = {
			isa = XCSwiftPackageProductDependency;
			package = EC334F332BCA7F0200A97EAB /* XCRemoteSwiftPackageReference "RxSwift" */;
			productName = RxSwift;
		};
		EC334F842BCD6C5E00A97EAB /* IQKeyboardManagerSwift */ = {
			isa = XCSwiftPackageProductDependency;
			package = EC334F832BCD6C5E00A97EAB /* XCRemoteSwiftPackageReference "IQKeyboardManager" */;
			productName = IQKeyboardManagerSwift;
		};
		EC334FBA2BCE5AF900A97EAB /* Alamofire */ = {
			isa = XCSwiftPackageProductDependency;
			package = EC334FB92BCE5AF900A97EAB /* XCRemoteSwiftPackageReference "Alamofire" */;
			productName = Alamofire;
		};
		EC334FDB2BCE9A2800A97EAB /* Toast */ = {
			isa = XCSwiftPackageProductDependency;
			package = EC334FDA2BCE9A2800A97EAB /* XCRemoteSwiftPackageReference "Toast-Swift" */;
			productName = Toast;
		};
/* End XCSwiftPackageProductDependency section */
	};
	rootObject = EC334F002BC90CBB00A97EAB /* Project object */;
}
